
Microsoft Visual Studio Solution File, Format Version 11.00
# Visual Studio 15
Project("{8BC9CEB8-8B4A-11D0-8D11-00A0C91BC942}") = "3d", "3d.vcxproj", "{F96A166F-5359-4874-8ED2-2CD3236BBB15}"
EndProject
Project("{8BC9CEB8-8B4A-11D0-8D11-00A0C91BC942}") = "asyncio", "asyncio.vcxproj", "{6698AF07-EC79-46FB-ACF7-A8213022C765}"
EndProject
Project("{8BC9CEB8-8B4A-11D0-8D11-00A0C91BC942}") = "channel_groups", "channel_groups.vcxproj", "{68DB27D9-CE50-47AF-8725-6FA6FD19777A}"
EndProject
Project("{8BC9CEB8-8B4A-11D0-8D11-00A0C91BC942}") = "convolution_reverb", "convolution_reverb.vcxproj", "{EA48C4BF-A10C-4497-8FDD-3606F8E15ABD}"
EndProject
Project("{8BC9CEB8-8B4A-11D0-8D11-00A0C91BC942}") = "dsp_custom", "dsp_custom.vcxproj", "{A8A81E36-8415-49DE-9E51-0D95AC471D7E}"
EndProject
Project("{8BC9CEB8-8B4A-11D0-8D11-00A0C91BC942}") = "dsp_effect_per_speaker", "dsp_effect_per_speaker.vcxproj", "{F908476A-9CC6-4265-BCC3-C4F15FAE1044}"
EndProject
Project("{8BC9CEB8-8B4A-11D0-8D11-00A0C91BC942}") = "dsp_inspector", "dsp_inspector.vcxproj", "{98D0D9E2-FD36-4A61-A0AB-EFBF6E32FD03}"
EndProject
Project("{8BC9CEB8-8B4A-11D0-8D11-00A0C91BC942}") = "effects", "effects.vcxproj", "{3796DB99-D0D9-4EFF-899B-516291CA6F33}"
EndProject
Project("{8BC9CEB8-8B4A-11D0-8D11-00A0C91BC942}") = "gapless_playback", "gapless_playback.vcxproj", "{765A0148-82C0-4022-9006-85EA251AE8A0}"
EndProject
Project("{8BC9CEB8-8B4A-11D0-8D11-00A0C91BC942}") = "generate_tone", "generate_tone.vcxproj", "{A24BBAAF-EBA8-44DB-970A-CE97400917D1}"
EndProject
Project("{8BC9CEB8-8B4A-11D0-8D11-00A0C91BC942}") = "granular_synth", "granular_synth.vcxproj", "{A68C45C4-CD5E-4A1D-AE9A-F4087AEFB7F9}"
EndProject
Project("{8BC9CEB8-8B4A-11D0-8D11-00A0C91BC942}") = "load_from_memory", "load_from_memory.vcxproj", "{6843590C-9858-4BDA-ABBE-5C8B24C99F90}"
EndProject
Project("{8BC9CEB8-8B4A-11D0-8D11-00A0C91BC942}") = "multiple_speaker", "multiple_speaker.vcxproj", "{1314DA6D-9930-4BA6-B5B0-1624797F96BF}"
EndProject
Project("{8BC9CEB8-8B4A-11D0-8D11-00A0C91BC942}") = "multiple_system", "multiple_system.vcxproj", "{6F8E2E0F-A40B-47F9-8C5A-E08F9F7252F0}"
EndProject
Project("{8BC9CEB8-8B4A-11D0-8D11-00A0C91BC942}") = "net_stream", "net_stream.vcxproj", "{EDB1966D-E76C-4BED-846A-7596872205CC}"
EndProject
Project("{8BC9CEB8-8B4A-11D0-8D11-00A0C91BC942}") = "play_sound", "play_sound.vcxproj", "{0BCF08A3-D6F1-4D06-9404-314ED29D688D}"
EndProject
Project("{8BC9CEB8-8B4A-11D0-8D11-00A0C91BC942}") = "play_stream", "play_stream.vcxproj", "{8ED7930A-2DE0-483F-B13C-EB7CA58E5EBC}"
EndProject
Project("{8BC9CEB8-8B4A-11D0-8D11-00A0C91BC942}") = "record", "record.vcxproj", "{A3A8B5C5-0EDF-4945-A696-9AA8A998F780}"
EndProject
Project("{8BC9CEB8-8B4A-11D0-8D11-00A0C91BC942}") = "record_enumeration", "record_enumeration.vcxproj", "{471D9752-D735-43AD-80B5-7B736AA610F9}"
EndProject
Project("{8BC9CEB8-8B4A-11D0-8D11-00A0C91BC942}") = "user_created_sound", "user_created_sound.vcxproj", "{ABEC2A2A-12C9-4A4D-9872-8CC7CFB25C92}"
EndProject
Project("{8BC9CEB8-8B4A-11D0-8D11-00A0C91BC942}") = "fmod_codec_raw", "fmod_codec_raw.vcxproj", "{4C8A2E69-B25A-4293-A74F-EA19F4BB7C04}"
EndProject
Project("{8BC9CEB8-8B4A-11D0-8D11-00A0C91BC942}") = "fmod_distance_filter", "fmod_distance_filter.vcxproj", "{4BE20F1B-9A31-4F04-A636-ADAA1CEB9010}"
EndProject
Project("{8BC9CEB8-8B4A-11D0-8D11-00A0C91BC942}") = "fmod_gain", "fmod_gain.vcxproj", "{75DA9414-D526-403D-B38B-CD99180239DE}"
EndProject
Project("{8BC9CEB8-8B4A-11D0-8D11-00A0C91BC942}") = "fmod_noise", "fmod_noise.vcxproj", "{2DED07E7-6012-411F-A53D-F1208475D839}"
EndProject
Project("{8BC9CEB8-8B4A-11D0-8D11-00A0C91BC942}") = "fmod_rnbo", "fmod_rnbo.vcxproj", "{67779A88-DB40-4FD7-A445-5032019D2D13}"
EndProject
Project("{8BC9CEB8-8B4A-11D0-8D11-00A0C91BC942}") = "output_mp3", "output_mp3.vcxproj", "{0C930D11-05D5-484F-AA64-379EC00E8EA6}"
EndProject
Global
	GlobalSection(SolutionConfigurationPlatforms) = preSolution
		Debug|Win32 = Debug|Win32
		Debug|x64 = Debug|x64
		Debug|ARM64 = Debug|ARM64
		Release|Win32 = Release|Win32
		Release|x64 = Release|x64
		Release|ARM64 = Release|ARM64
	EndGlobalSection
	GlobalSection(ProjectConfigurationPlatforms) = postSolution
		{F96A166F-5359-4874-8ED2-2CD3236BBB15}.Debug|Win32.ActiveCfg = Debug|Win32
		{F96A166F-5359-4874-8ED2-2CD3236BBB15}.Debug|Win32.Build.0 = Debug|Win32
		{F96A166F-5359-4874-8ED2-2CD3236BBB15}.Debug|Win32.Deploy.0 = Debug|Win32
		{F96A166F-5359-4874-8ED2-2CD3236BBB15}.Debug|x64.ActiveCfg = Debug|x64
		{F96A166F-5359-4874-8ED2-2CD3236BBB15}.Debug|x64.Build.0 = Debug|x64
		{F96A166F-5359-4874-8ED2-2CD3236BBB15}.Debug|x64.Deploy.0 = Debug|x64
		{F96A166F-5359-4874-8ED2-2CD3236BBB15}.Debug|ARM64.ActiveCfg = Debug|ARM64
		{F96A166F-5359-4874-8ED2-2CD3236BBB15}.Debug|ARM64.Build.0 = Debug|ARM64
		{F96A166F-5359-4874-8ED2-2CD3236BBB15}.Debug|ARM64.Deploy.0 = Debug|ARM64
		{F96A166F-5359-4874-8ED2-2CD3236BBB15}.Release|Win32.ActiveCfg = Release|Win32
		{F96A166F-5359-4874-8ED2-2CD3236BBB15}.Release|Win32.Build.0 = Release|Win32
		{F96A166F-5359-4874-8ED2-2CD3236BBB15}.Release|Win32.Deploy.0 = Release|Win32
		{F96A166F-5359-4874-8ED2-2CD3236BBB15}.Release|x64.ActiveCfg = Release|x64
		{F96A166F-5359-4874-8ED2-2CD3236BBB15}.Release|x64.Build.0 = Release|x64
		{F96A166F-5359-4874-8ED2-2CD3236BBB15}.Release|x64.Deploy.0 = Release|x64
		{F96A166F-5359-4874-8ED2-2CD3236BBB15}.Release|ARM64.ActiveCfg = Release|ARM64
		{F96A166F-5359-4874-8ED2-2CD3236BBB15}.Release|ARM64.Build.0 = Release|ARM64
		{F96A166F-5359-4874-8ED2-2CD3236BBB15}.Release|ARM64.Deploy.0 = Release|ARM64
		{6698AF07-EC79-46FB-ACF7-A8213022C765}.Debug|Win32.ActiveCfg = Debug|Win32
		{6698AF07-EC79-46FB-ACF7-A8213022C765}.Debug|Win32.Build.0 = Debug|Win32
		{6698AF07-EC79-46FB-ACF7-A8213022C765}.Debug|Win32.Deploy.0 = Debug|Win32
		{6698AF07-EC79-46FB-ACF7-A8213022C765}.Debug|x64.ActiveCfg = Debug|x64
		{6698AF07-EC79-46FB-ACF7-A8213022C765}.Debug|x64.Build.0 = Debug|x64
		{6698AF07-EC79-46FB-ACF7-A8213022C765}.Debug|x64.Deploy.0 = Debug|x64
		{6698AF07-EC79-46FB-ACF7-A8213022C765}.Debug|ARM64.ActiveCfg = Debug|ARM64
		{6698AF07-EC79-46FB-ACF7-A8213022C765}.Debug|ARM64.Build.0 = Debug|ARM64
		{6698AF07-EC79-46FB-ACF7-A8213022C765}.Debug|ARM64.Deploy.0 = Debug|ARM64
		{6698AF07-EC79-46FB-ACF7-A8213022C765}.Release|Win32.ActiveCfg = Release|Win32
		{6698AF07-EC79-46FB-ACF7-A8213022C765}.Release|Win32.Build.0 = Release|Win32
		{6698AF07-EC79-46FB-ACF7-A8213022C765}.Release|Win32.Deploy.0 = Release|Win32
		{6698AF07-EC79-46FB-ACF7-A8213022C765}.Release|x64.ActiveCfg = Release|x64
		{6698AF07-EC79-46FB-ACF7-A8213022C765}.Release|x64.Build.0 = Release|x64
		{6698AF07-EC79-46FB-ACF7-A8213022C765}.Release|x64.Deploy.0 = Release|x64
		{6698AF07-EC79-46FB-ACF7-A8213022C765}.Release|ARM64.ActiveCfg = Release|ARM64
		{6698AF07-EC79-46FB-ACF7-A8213022C765}.Release|ARM64.Build.0 = Release|ARM64
		{6698AF07-EC79-46FB-ACF7-A8213022C765}.Release|ARM64.Deploy.0 = Release|ARM64
		{68DB27D9-CE50-47AF-8725-6FA6FD19777A}.Debug|Win32.ActiveCfg = Debug|Win32
		{68DB27D9-CE50-47AF-8725-6FA6FD19777A}.Debug|Win32.Build.0 = Debug|Win32
		{68DB27D9-CE50-47AF-8725-6FA6FD19777A}.Debug|Win32.Deploy.0 = Debug|Win32
		{68DB27D9-CE50-47AF-8725-6FA6FD19777A}.Debug|x64.ActiveCfg = Debug|x64
		{68DB27D9-CE50-47AF-8725-6FA6FD19777A}.Debug|x64.Build.0 = Debug|x64
		{68DB27D9-CE50-47AF-8725-6FA6FD19777A}.Debug|x64.Deploy.0 = Debug|x64
		{68DB27D9-CE50-47AF-8725-6FA6FD19777A}.Debug|ARM64.ActiveCfg = Debug|ARM64
		{68DB27D9-CE50-47AF-8725-6FA6FD19777A}.Debug|ARM64.Build.0 = Debug|ARM64
		{68DB27D9-CE50-47AF-8725-6FA6FD19777A}.Debug|ARM64.Deploy.0 = Debug|ARM64
		{68DB27D9-CE50-47AF-8725-6FA6FD19777A}.Release|Win32.ActiveCfg = Release|Win32
		{68DB27D9-CE50-47AF-8725-6FA6FD19777A}.Release|Win32.Build.0 = Release|Win32
		{68DB27D9-CE50-47AF-8725-6FA6FD19777A}.Release|Win32.Deploy.0 = Release|Win32
		{68DB27D9-CE50-47AF-8725-6FA6FD19777A}.Release|x64.ActiveCfg = Release|x64
		{68DB27D9-CE50-47AF-8725-6FA6FD19777A}.Release|x64.Build.0 = Release|x64
		{68DB27D9-CE50-47AF-8725-6FA6FD19777A}.Release|x64.Deploy.0 = Release|x64
		{68DB27D9-CE50-47AF-8725-6FA6FD19777A}.Release|ARM64.ActiveCfg = Release|ARM64
		{68DB27D9-CE50-47AF-8725-6FA6FD19777A}.Release|ARM64.Build.0 = Release|ARM64
		{68DB27D9-CE50-47AF-8725-6FA6FD19777A}.Release|ARM64.Deploy.0 = Release|ARM64
		{EA48C4BF-A10C-4497-8FDD-3606F8E15ABD}.Debug|Win32.ActiveCfg = Debug|Win32
		{EA48C4BF-A10C-4497-8FDD-3606F8E15ABD}.Debug|Win32.Build.0 = Debug|Win32
		{EA48C4BF-A10C-4497-8FDD-3606F8E15ABD}.Debug|Win32.Deploy.0 = Debug|Win32
		{EA48C4BF-A10C-4497-8FDD-3606F8E15ABD}.Debug|x64.ActiveCfg = Debug|x64
		{EA48C4BF-A10C-4497-8FDD-3606F8E15ABD}.Debug|x64.Build.0 = Debug|x64
		{EA48C4BF-A10C-4497-8FDD-3606F8E15ABD}.Debug|x64.Deploy.0 = Debug|x64
		{EA48C4BF-A10C-4497-8FDD-3606F8E15ABD}.Debug|ARM64.ActiveCfg = Debug|ARM64
		{EA48C4BF-A10C-4497-8FDD-3606F8E15ABD}.Debug|ARM64.Build.0 = Debug|ARM64
		{EA48C4BF-A10C-4497-8FDD-3606F8E15ABD}.Debug|ARM64.Deploy.0 = Debug|ARM64
		{EA48C4BF-A10C-4497-8FDD-3606F8E15ABD}.Release|Win32.ActiveCfg = Release|Win32
		{EA48C4BF-A10C-4497-8FDD-3606F8E15ABD}.Release|Win32.Build.0 = Release|Win32
		{EA48C4BF-A10C-4497-8FDD-3606F8E15ABD}.Release|Win32.Deploy.0 = Release|Win32
		{EA48C4BF-A10C-4497-8FDD-3606F8E15ABD}.Release|x64.ActiveCfg = Release|x64
		{EA48C4BF-A10C-4497-8FDD-3606F8E15ABD}.Release|x64.Build.0 = Release|x64
		{EA48C4BF-A10C-4497-8FDD-3606F8E15ABD}.Release|x64.Deploy.0 = Release|x64
		{EA48C4BF-A10C-4497-8FDD-3606F8E15ABD}.Release|ARM64.ActiveCfg = Release|ARM64
		{EA48C4BF-A10C-4497-8FDD-3606F8E15ABD}.Release|ARM64.Build.0 = Release|ARM64
		{EA48C4BF-A10C-4497-8FDD-3606F8E15ABD}.Release|ARM64.Deploy.0 = Release|ARM64
		{A8A81E36-8415-49DE-9E51-0D95AC471D7E}.Debug|Win32.ActiveCfg = Debug|Win32
		{A8A81E36-8415-49DE-9E51-0D95AC471D7E}.Debug|Win32.Build.0 = Debug|Win32
		{A8A81E36-8415-49DE-9E51-0D95AC471D7E}.Debug|Win32.Deploy.0 = Debug|Win32
		{A8A81E36-8415-49DE-9E51-0D95AC471D7E}.Debug|x64.ActiveCfg = Debug|x64
		{A8A81E36-8415-49DE-9E51-0D95AC471D7E}.Debug|x64.Build.0 = Debug|x64
		{A8A81E36-8415-49DE-9E51-0D95AC471D7E}.Debug|x64.Deploy.0 = Debug|x64
		{A8A81E36-8415-49DE-9E51-0D95AC471D7E}.Debug|ARM64.ActiveCfg = Debug|ARM64
		{A8A81E36-8415-49DE-9E51-0D95AC471D7E}.Debug|ARM64.Build.0 = Debug|ARM64
		{A8A81E36-8415-49DE-9E51-0D95AC471D7E}.Debug|ARM64.Deploy.0 = Debug|ARM64
		{A8A81E36-8415-49DE-9E51-0D95AC471D7E}.Release|Win32.ActiveCfg = Release|Win32
		{A8A81E36-8415-49DE-9E51-0D95AC471D7E}.Release|Win32.Build.0 = Release|Win32
		{A8A81E36-8415-49DE-9E51-0D95AC471D7E}.Release|Win32.Deploy.0 = Release|Win32
		{A8A81E36-8415-49DE-9E51-0D95AC471D7E}.Release|x64.ActiveCfg = Release|x64
		{A8A81E36-8415-49DE-9E51-0D95AC471D7E}.Release|x64.Build.0 = Release|x64
		{A8A81E36-8415-49DE-9E51-0D95AC471D7E}.Release|x64.Deploy.0 = Release|x64
		{A8A81E36-8415-49DE-9E51-0D95AC471D7E}.Release|ARM64.ActiveCfg = Release|ARM64
		{A8A81E36-8415-49DE-9E51-0D95AC471D7E}.Release|ARM64.Build.0 = Release|ARM64
		{A8A81E36-8415-49DE-9E51-0D95AC471D7E}.Release|ARM64.Deploy.0 = Release|ARM64
		{F908476A-9CC6-4265-BCC3-C4F15FAE1044}.Debug|Win32.ActiveCfg = Debug|Win32
		{F908476A-9CC6-4265-BCC3-C4F15FAE1044}.Debug|Win32.Build.0 = Debug|Win32
		{F908476A-9CC6-4265-BCC3-C4F15FAE1044}.Debug|Win32.Deploy.0 = Debug|Win32
		{F908476A-9CC6-4265-BCC3-C4F15FAE1044}.Debug|x64.ActiveCfg = Debug|x64
		{F908476A-9CC6-4265-BCC3-C4F15FAE1044}.Debug|x64.Build.0 = Debug|x64
		{F908476A-9CC6-4265-BCC3-C4F15FAE1044}.Debug|x64.Deploy.0 = Debug|x64
		{F908476A-9CC6-4265-BCC3-C4F15FAE1044}.Debug|ARM64.ActiveCfg = Debug|ARM64
		{F908476A-9CC6-4265-BCC3-C4F15FAE1044}.Debug|ARM64.Build.0 = Debug|ARM64
		{F908476A-9CC6-4265-BCC3-C4F15FAE1044}.Debug|ARM64.Deploy.0 = Debug|ARM64
		{F908476A-9CC6-4265-BCC3-C4F15FAE1044}.Release|Win32.ActiveCfg = Release|Win32
		{F908476A-9CC6-4265-BCC3-C4F15FAE1044}.Release|Win32.Build.0 = Release|Win32
		{F908476A-9CC6-4265-BCC3-C4F15FAE1044}.Release|Win32.Deploy.0 = Release|Win32
		{F908476A-9CC6-4265-BCC3-C4F15FAE1044}.Release|x64.ActiveCfg = Release|x64
		{F908476A-9CC6-4265-BCC3-C4F15FAE1044}.Release|x64.Build.0 = Release|x64
		{F908476A-9CC6-4265-BCC3-C4F15FAE1044}.Release|x64.Deploy.0 = Release|x64
		{F908476A-9CC6-4265-BCC3-C4F15FAE1044}.Release|ARM64.ActiveCfg = Release|ARM64
		{F908476A-9CC6-4265-BCC3-C4F15FAE1044}.Release|ARM64.Build.0 = Release|ARM64
		{F908476A-9CC6-4265-BCC3-C4F15FAE1044}.Release|ARM64.Deploy.0 = Release|ARM64
		{98D0D9E2-FD36-4A61-A0AB-EFBF6E32FD03}.Debug|Win32.ActiveCfg = Debug|Win32
		{98D0D9E2-FD36-4A61-A0AB-EFBF6E32FD03}.Debug|Win32.Build.0 = Debug|Win32
		{98D0D9E2-FD36-4A61-A0AB-EFBF6E32FD03}.Debug|Win32.Deploy.0 = Debug|Win32
		{98D0D9E2-FD36-4A61-A0AB-EFBF6E32FD03}.Debug|x64.ActiveCfg = Debug|x64
		{98D0D9E2-FD36-4A61-A0AB-EFBF6E32FD03}.Debug|x64.Build.0 = Debug|x64
		{98D0D9E2-FD36-4A61-A0AB-EFBF6E32FD03}.Debug|x64.Deploy.0 = Debug|x64
		{98D0D9E2-FD36-4A61-A0AB-EFBF6E32FD03}.Debug|ARM64.ActiveCfg = Debug|ARM64
		{98D0D9E2-FD36-4A61-A0AB-EFBF6E32FD03}.Debug|ARM64.Build.0 = Debug|ARM64
		{98D0D9E2-FD36-4A61-A0AB-EFBF6E32FD03}.Debug|ARM64.Deploy.0 = Debug|ARM64
		{98D0D9E2-FD36-4A61-A0AB-EFBF6E32FD03}.Release|Win32.ActiveCfg = Release|Win32
		{98D0D9E2-FD36-4A61-A0AB-EFBF6E32FD03}.Release|Win32.Build.0 = Release|Win32
		{98D0D9E2-FD36-4A61-A0AB-EFBF6E32FD03}.Release|Win32.Deploy.0 = Release|Win32
		{98D0D9E2-FD36-4A61-A0AB-EFBF6E32FD03}.Release|x64.ActiveCfg = Release|x64
		{98D0D9E2-FD36-4A61-A0AB-EFBF6E32FD03}.Release|x64.Build.0 = Release|x64
		{98D0D9E2-FD36-4A61-A0AB-EFBF6E32FD03}.Release|x64.Deploy.0 = Release|x64
		{98D0D9E2-FD36-4A61-A0AB-EFBF6E32FD03}.Release|ARM64.ActiveCfg = Release|ARM64
		{98D0D9E2-FD36-4A61-A0AB-EFBF6E32FD03}.Release|ARM64.Build.0 = Release|ARM64
		{98D0D9E2-FD36-4A61-A0AB-EFBF6E32FD03}.Release|ARM64.Deploy.0 = Release|ARM64
		{3796DB99-D0D9-4EFF-899B-516291CA6F33}.Debug|Win32.ActiveCfg = Debug|Win32
		{3796DB99-D0D9-4EFF-899B-516291CA6F33}.Debug|Win32.Build.0 = Debug|Win32
		{3796DB99-D0D9-4EFF-899B-516291CA6F33}.Debug|Win32.Deploy.0 = Debug|Win32
		{3796DB99-D0D9-4EFF-899B-516291CA6F33}.Debug|x64.ActiveCfg = Debug|x64
		{3796DB99-D0D9-4EFF-899B-516291CA6F33}.Debug|x64.Build.0 = Debug|x64
		{3796DB99-D0D9-4EFF-899B-516291CA6F33}.Debug|x64.Deploy.0 = Debug|x64
		{3796DB99-D0D9-4EFF-899B-516291CA6F33}.Debug|ARM64.ActiveCfg = Debug|ARM64
		{3796DB99-D0D9-4EFF-899B-516291CA6F33}.Debug|ARM64.Build.0 = Debug|ARM64
		{3796DB99-D0D9-4EFF-899B-516291CA6F33}.Debug|ARM64.Deploy.0 = Debug|ARM64
		{3796DB99-D0D9-4EFF-899B-516291CA6F33}.Release|Win32.ActiveCfg = Release|Win32
		{3796DB99-D0D9-4EFF-899B-516291CA6F33}.Release|Win32.Build.0 = Release|Win32
		{3796DB99-D0D9-4EFF-899B-516291CA6F33}.Release|Win32.Deploy.0 = Release|Win32
		{3796DB99-D0D9-4EFF-899B-516291CA6F33}.Release|x64.ActiveCfg = Release|x64
		{3796DB99-D0D9-4EFF-899B-516291CA6F33}.Release|x64.Build.0 = Release|x64
		{3796DB99-D0D9-4EFF-899B-516291CA6F33}.Release|x64.Deploy.0 = Release|x64
		{3796DB99-D0D9-4EFF-899B-516291CA6F33}.Release|ARM64.ActiveCfg = Release|ARM64
		{3796DB99-D0D9-4EFF-899B-516291CA6F33}.Release|ARM64.Build.0 = Release|ARM64
		{3796DB99-D0D9-4EFF-899B-516291CA6F33}.Release|ARM64.Deploy.0 = Release|ARM64
		{765A0148-82C0-4022-9006-85EA251AE8A0}.Debug|Win32.ActiveCfg = Debug|Win32
		{765A0148-82C0-4022-9006-85EA251AE8A0}.Debug|Win32.Build.0 = Debug|Win32
		{765A0148-82C0-4022-9006-85EA251AE8A0}.Debug|Win32.Deploy.0 = Debug|Win32
		{765A0148-82C0-4022-9006-85EA251AE8A0}.Debug|x64.ActiveCfg = Debug|x64
		{765A0148-82C0-4022-9006-85EA251AE8A0}.Debug|x64.Build.0 = Debug|x64
		{765A0148-82C0-4022-9006-85EA251AE8A0}.Debug|x64.Deploy.0 = Debug|x64
		{765A0148-82C0-4022-9006-85EA251AE8A0}.Debug|ARM64.ActiveCfg = Debug|ARM64
		{765A0148-82C0-4022-9006-85EA251AE8A0}.Debug|ARM64.Build.0 = Debug|ARM64
		{765A0148-82C0-4022-9006-85EA251AE8A0}.Debug|ARM64.Deploy.0 = Debug|ARM64
		{765A0148-82C0-4022-9006-85EA251AE8A0}.Release|Win32.ActiveCfg = Release|Win32
		{765A0148-82C0-4022-9006-85EA251AE8A0}.Release|Win32.Build.0 = Release|Win32
		{765A0148-82C0-4022-9006-85EA251AE8A0}.Release|Win32.Deploy.0 = Release|Win32
		{765A0148-82C0-4022-9006-85EA251AE8A0}.Release|x64.ActiveCfg = Release|x64
		{765A0148-82C0-4022-9006-85EA251AE8A0}.Release|x64.Build.0 = Release|x64
		{765A0148-82C0-4022-9006-85EA251AE8A0}.Release|x64.Deploy.0 = Release|x64
		{765A0148-82C0-4022-9006-85EA251AE8A0}.Release|ARM64.ActiveCfg = Release|ARM64
		{765A0148-82C0-4022-9006-85EA251AE8A0}.Release|ARM64.Build.0 = Release|ARM64
		{765A0148-82C0-4022-9006-85EA251AE8A0}.Release|ARM64.Deploy.0 = Release|ARM64
		{A24BBAAF-EBA8-44DB-970A-CE97400917D1}.Debug|Win32.ActiveCfg = Debug|Win32
		{A24BBAAF-EBA8-44DB-970A-CE97400917D1}.Debug|Win32.Build.0 = Debug|Win32
		{A24BBAAF-EBA8-44DB-970A-CE97400917D1}.Debug|Win32.Deploy.0 = Debug|Win32
		{A24BBAAF-EBA8-44DB-970A-CE97400917D1}.Debug|x64.ActiveCfg = Debug|x64
		{A24BBAAF-EBA8-44DB-970A-CE97400917D1}.Debug|x64.Build.0 = Debug|x64
		{A24BBAAF-EBA8-44DB-970A-CE97400917D1}.Debug|x64.Deploy.0 = Debug|x64
		{A24BBAAF-EBA8-44DB-970A-CE97400917D1}.Debug|ARM64.ActiveCfg = Debug|ARM64
		{A24BBAAF-EBA8-44DB-970A-CE97400917D1}.Debug|ARM64.Build.0 = Debug|ARM64
		{A24BBAAF-EBA8-44DB-970A-CE97400917D1}.Debug|ARM64.Deploy.0 = Debug|ARM64
		{A24BBAAF-EBA8-44DB-970A-CE97400917D1}.Release|Win32.ActiveCfg = Release|Win32
		{A24BBAAF-EBA8-44DB-970A-CE97400917D1}.Release|Win32.Build.0 = Release|Win32
		{A24BBAAF-EBA8-44DB-970A-CE97400917D1}.Release|Win32.Deploy.0 = Release|Win32
		{A24BBAAF-EBA8-44DB-970A-CE97400917D1}.Release|x64.ActiveCfg = Release|x64
		{A24BBAAF-EBA8-44DB-970A-CE97400917D1}.Release|x64.Build.0 = Release|x64
		{A24BBAAF-EBA8-44DB-970A-CE97400917D1}.Release|x64.Deploy.0 = Release|x64
		{A24BBAAF-EBA8-44DB-970A-CE97400917D1}.Release|ARM64.ActiveCfg = Release|ARM64
		{A24BBAAF-EBA8-44DB-970A-CE97400917D1}.Release|ARM64.Build.0 = Release|ARM64
		{A24BBAAF-EBA8-44DB-970A-CE97400917D1}.Release|ARM64.Deploy.0 = Release|ARM64
		{A68C45C4-CD5E-4A1D-AE9A-F4087AEFB7F9}.Debug|Win32.ActiveCfg = Debug|Win32
		{A68C45C4-CD5E-4A1D-AE9A-F4087AEFB7F9}.Debug|Win32.Build.0 = Debug|Win32
		{A68C45C4-CD5E-4A1D-AE9A-F4087AEFB7F9}.Debug|Win32.Deploy.0 = Debug|Win32
		{A68C45C4-CD5E-4A1D-AE9A-F4087AEFB7F9}.Debug|x64.ActiveCfg = Debug|x64
		{A68C45C4-CD5E-4A1D-AE9A-F4087AEFB7F9}.Debug|x64.Build.0 = Debug|x64
		{A68C45C4-CD5E-4A1D-AE9A-F4087AEFB7F9}.Debug|x64.Deploy.0 = Debug|x64
		{A68C45C4-CD5E-4A1D-AE9A-F4087AEFB7F9}.Debug|ARM64.ActiveCfg = Debug|ARM64
		{A68C45C4-CD5E-4A1D-AE9A-F4087AEFB7F9}.Debug|ARM64.Build.0 = Debug|ARM64
		{A68C45C4-CD5E-4A1D-AE9A-F4087AEFB7F9}.Debug|ARM64.Deploy.0 = Debug|ARM64
		{A68C45C4-CD5E-4A1D-AE9A-F4087AEFB7F9}.Release|Win32.ActiveCfg = Release|Win32
		{A68C45C4-CD5E-4A1D-AE9A-F4087AEFB7F9}.Release|Win32.Build.0 = Release|Win32
		{A68C45C4-CD5E-4A1D-AE9A-F4087AEFB7F9}.Release|Win32.Deploy.0 = Release|Win32
		{A68C45C4-CD5E-4A1D-AE9A-F4087AEFB7F9}.Release|x64.ActiveCfg = Release|x64
		{A68C45C4-CD5E-4A1D-AE9A-F4087AEFB7F9}.Release|x64.Build.0 = Release|x64
		{A68C45C4-CD5E-4A1D-AE9A-F4087AEFB7F9}.Release|x64.Deploy.0 = Release|x64
		{A68C45C4-CD5E-4A1D-AE9A-F4087AEFB7F9}.Release|ARM64.ActiveCfg = Release|ARM64
		{A68C45C4-CD5E-4A1D-AE9A-F4087AEFB7F9}.Release|ARM64.Build.0 = Release|ARM64
		{A68C45C4-CD5E-4A1D-AE9A-F4087AEFB7F9}.Release|ARM64.Deploy.0 = Release|ARM64
		{6843590C-9858-4BDA-ABBE-5C8B24C99F90}.Debug|Win32.ActiveCfg = Debug|Win32
		{6843590C-9858-4BDA-ABBE-5C8B24C99F90}.Debug|Win32.Build.0 = Debug|Win32
		{6843590C-9858-4BDA-ABBE-5C8B24C99F90}.Debug|Win32.Deploy.0 = Debug|Win32
		{6843590C-9858-4BDA-ABBE-5C8B24C99F90}.Debug|x64.ActiveCfg = Debug|x64
		{6843590C-9858-4BDA-ABBE-5C8B24C99F90}.Debug|x64.Build.0 = Debug|x64
		{6843590C-9858-4BDA-ABBE-5C8B24C99F90}.Debug|x64.Deploy.0 = Debug|x64
		{6843590C-9858-4BDA-ABBE-5C8B24C99F90}.Debug|ARM64.ActiveCfg = Debug|ARM64
		{6843590C-9858-4BDA-ABBE-5C8B24C99F90}.Debug|ARM64.Build.0 = Debug|ARM64
		{6843590C-9858-4BDA-ABBE-5C8B24C99F90}.Debug|ARM64.Deploy.0 = Debug|ARM64
		{6843590C-9858-4BDA-ABBE-5C8B24C99F90}.Release|Win32.ActiveCfg = Release|Win32
		{6843590C-9858-4BDA-ABBE-5C8B24C99F90}.Release|Win32.Build.0 = Release|Win32
		{6843590C-9858-4BDA-ABBE-5C8B24C99F90}.Release|Win32.Deploy.0 = Release|Win32
		{6843590C-9858-4BDA-ABBE-5C8B24C99F90}.Release|x64.ActiveCfg = Release|x64
		{6843590C-9858-4BDA-ABBE-5C8B24C99F90}.Release|x64.Build.0 = Release|x64
		{6843590C-9858-4BDA-ABBE-5C8B24C99F90}.Release|x64.Deploy.0 = Release|x64
		{6843590C-9858-4BDA-ABBE-5C8B24C99F90}.Release|ARM64.ActiveCfg = Release|ARM64
		{6843590C-9858-4BDA-ABBE-5C8B24C99F90}.Release|ARM64.Build.0 = Release|ARM64
		{6843590C-9858-4BDA-ABBE-5C8B24C99F90}.Release|ARM64.Deploy.0 = Release|ARM64
		{1314DA6D-9930-4BA6-B5B0-1624797F96BF}.Debug|Win32.ActiveCfg = Debug|Win32
		{1314DA6D-9930-4BA6-B5B0-1624797F96BF}.Debug|Win32.Build.0 = Debug|Win32
		{1314DA6D-9930-4BA6-B5B0-1624797F96BF}.Debug|Win32.Deploy.0 = Debug|Win32
		{1314DA6D-9930-4BA6-B5B0-1624797F96BF}.Debug|x64.ActiveCfg = Debug|x64
		{1314DA6D-9930-4BA6-B5B0-1624797F96BF}.Debug|x64.Build.0 = Debug|x64
		{1314DA6D-9930-4BA6-B5B0-1624797F96BF}.Debug|x64.Deploy.0 = Debug|x64
		{1314DA6D-9930-4BA6-B5B0-1624797F96BF}.Debug|ARM64.ActiveCfg = Debug|ARM64
		{1314DA6D-9930-4BA6-B5B0-1624797F96BF}.Debug|ARM64.Build.0 = Debug|ARM64
		{1314DA6D-9930-4BA6-B5B0-1624797F96BF}.Debug|ARM64.Deploy.0 = Debug|ARM64
		{1314DA6D-9930-4BA6-B5B0-1624797F96BF}.Release|Win32.ActiveCfg = Release|Win32
		{1314DA6D-9930-4BA6-B5B0-1624797F96BF}.Release|Win32.Build.0 = Release|Win32
		{1314DA6D-9930-4BA6-B5B0-1624797F96BF}.Release|Win32.Deploy.0 = Release|Win32
		{1314DA6D-9930-4BA6-B5B0-1624797F96BF}.Release|x64.ActiveCfg = Release|x64
		{1314DA6D-9930-4BA6-B5B0-1624797F96BF}.Release|x64.Build.0 = Release|x64
		{1314DA6D-9930-4BA6-B5B0-1624797F96BF}.Release|x64.Deploy.0 = Release|x64
		{1314DA6D-9930-4BA6-B5B0-1624797F96BF}.Release|ARM64.ActiveCfg = Release|ARM64
		{1314DA6D-9930-4BA6-B5B0-1624797F96BF}.Release|ARM64.Build.0 = Release|ARM64
		{1314DA6D-9930-4BA6-B5B0-1624797F96BF}.Release|ARM64.Deploy.0 = Release|ARM64
		{6F8E2E0F-A40B-47F9-8C5A-E08F9F7252F0}.Debug|Win32.ActiveCfg = Debug|Win32
		{6F8E2E0F-A40B-47F9-8C5A-E08F9F7252F0}.Debug|Win32.Build.0 = Debug|Win32
		{6F8E2E0F-A40B-47F9-8C5A-E08F9F7252F0}.Debug|Win32.Deploy.0 = Debug|Win32
		{6F8E2E0F-A40B-47F9-8C5A-E08F9F7252F0}.Debug|x64.ActiveCfg = Debug|x64
		{6F8E2E0F-A40B-47F9-8C5A-E08F9F7252F0}.Debug|x64.Build.0 = Debug|x64
		{6F8E2E0F-A40B-47F9-8C5A-E08F9F7252F0}.Debug|x64.Deploy.0 = Debug|x64
		{6F8E2E0F-A40B-47F9-8C5A-E08F9F7252F0}.Debug|ARM64.ActiveCfg = Debug|ARM64
		{6F8E2E0F-A40B-47F9-8C5A-E08F9F7252F0}.Debug|ARM64.Build.0 = Debug|ARM64
		{6F8E2E0F-A40B-47F9-8C5A-E08F9F7252F0}.Debug|ARM64.Deploy.0 = Debug|ARM64
		{6F8E2E0F-A40B-47F9-8C5A-E08F9F7252F0}.Release|Win32.ActiveCfg = Release|Win32
		{6F8E2E0F-A40B-47F9-8C5A-E08F9F7252F0}.Release|Win32.Build.0 = Release|Win32
		{6F8E2E0F-A40B-47F9-8C5A-E08F9F7252F0}.Release|Win32.Deploy.0 = Release|Win32
		{6F8E2E0F-A40B-47F9-8C5A-E08F9F7252F0}.Release|x64.ActiveCfg = Release|x64
		{6F8E2E0F-A40B-47F9-8C5A-E08F9F7252F0}.Release|x64.Build.0 = Release|x64
		{6F8E2E0F-A40B-47F9-8C5A-E08F9F7252F0}.Release|x64.Deploy.0 = Release|x64
		{6F8E2E0F-A40B-47F9-8C5A-E08F9F7252F0}.Release|ARM64.ActiveCfg = Release|ARM64
		{6F8E2E0F-A40B-47F9-8C5A-E08F9F7252F0}.Release|ARM64.Build.0 = Release|ARM64
		{6F8E2E0F-A40B-47F9-8C5A-E08F9F7252F0}.Release|ARM64.Deploy.0 = Release|ARM64
		{EDB1966D-E76C-4BED-846A-7596872205CC}.Debug|Win32.ActiveCfg = Debug|Win32
		{EDB1966D-E76C-4BED-846A-7596872205CC}.Debug|Win32.Build.0 = Debug|Win32
		{EDB1966D-E76C-4BED-846A-7596872205CC}.Debug|Win32.Deploy.0 = Debug|Win32
		{EDB1966D-E76C-4BED-846A-7596872205CC}.Debug|x64.ActiveCfg = Debug|x64
		{EDB1966D-E76C-4BED-846A-7596872205CC}.Debug|x64.Build.0 = Debug|x64
		{EDB1966D-E76C-4BED-846A-7596872205CC}.Debug|x64.Deploy.0 = Debug|x64
		{EDB1966D-E76C-4BED-846A-7596872205CC}.Debug|ARM64.ActiveCfg = Debug|ARM64
		{EDB1966D-E76C-4BED-846A-7596872205CC}.Debug|ARM64.Build.0 = Debug|ARM64
		{EDB1966D-E76C-4BED-846A-7596872205CC}.Debug|ARM64.Deploy.0 = Debug|ARM64
		{EDB1966D-E76C-4BED-846A-7596872205CC}.Release|Win32.ActiveCfg = Release|Win32
		{EDB1966D-E76C-4BED-846A-7596872205CC}.Release|Win32.Build.0 = Release|Win32
		{EDB1966D-E76C-4BED-846A-7596872205CC}.Release|Win32.Deploy.0 = Release|Win32
		{EDB1966D-E76C-4BED-846A-7596872205CC}.Release|x64.ActiveCfg = Release|x64
		{EDB1966D-E76C-4BED-846A-7596872205CC}.Release|x64.Build.0 = Release|x64
		{EDB1966D-E76C-4BED-846A-7596872205CC}.Release|x64.Deploy.0 = Release|x64
		{EDB1966D-E76C-4BED-846A-7596872205CC}.Release|ARM64.ActiveCfg = Release|ARM64
		{EDB1966D-E76C-4BED-846A-7596872205CC}.Release|ARM64.Build.0 = Release|ARM64
		{EDB1966D-E76C-4BED-846A-7596872205CC}.Release|ARM64.Deploy.0 = Release|ARM64
		{0BCF08A3-D6F1-4D06-9404-314ED29D688D}.Debug|Win32.ActiveCfg = Debug|Win32
		{0BCF08A3-D6F1-4D06-9404-314ED29D688D}.Debug|Win32.Build.0 = Debug|Win32
		{0BCF08A3-D6F1-4D06-9404-314ED29D688D}.Debug|Win32.Deploy.0 = Debug|Win32
		{0BCF08A3-D6F1-4D06-9404-314ED29D688D}.Debug|x64.ActiveCfg = Debug|x64
		{0BCF08A3-D6F1-4D06-9404-314ED29D688D}.Debug|x64.Build.0 = Debug|x64
		{0BCF08A3-D6F1-4D06-9404-314ED29D688D}.Debug|x64.Deploy.0 = Debug|x64
		{0BCF08A3-D6F1-4D06-9404-314ED29D688D}.Debug|ARM64.ActiveCfg = Debug|ARM64
		{0BCF08A3-D6F1-4D06-9404-314ED29D688D}.Debug|ARM64.Build.0 = Debug|ARM64
		{0BCF08A3-D6F1-4D06-9404-314ED29D688D}.Debug|ARM64.Deploy.0 = Debug|ARM64
		{0BCF08A3-D6F1-4D06-9404-314ED29D688D}.Release|Win32.ActiveCfg = Release|Win32
		{0BCF08A3-D6F1-4D06-9404-314ED29D688D}.Release|Win32.Build.0 = Release|Win32
		{0BCF08A3-D6F1-4D06-9404-314ED29D688D}.Release|Win32.Deploy.0 = Release|Win32
		{0BCF08A3-D6F1-4D06-9404-314ED29D688D}.Release|x64.ActiveCfg = Release|x64
		{0BCF08A3-D6F1-4D06-9404-314ED29D688D}.Release|x64.Build.0 = Release|x64
		{0BCF08A3-D6F1-4D06-9404-314ED29D688D}.Release|x64.Deploy.0 = Release|x64
		{0BCF08A3-D6F1-4D06-9404-314ED29D688D}.Release|ARM64.ActiveCfg = Release|ARM64
		{0BCF08A3-D6F1-4D06-9404-314ED29D688D}.Release|ARM64.Build.0 = Release|ARM64
		{0BCF08A3-D6F1-4D06-9404-314ED29D688D}.Release|ARM64.Deploy.0 = Release|ARM64
		{8ED7930A-2DE0-483F-B13C-EB7CA58E5EBC}.Debug|Win32.ActiveCfg = Debug|Win32
		{8ED7930A-2DE0-483F-B13C-EB7CA58E5EBC}.Debug|Win32.Build.0 = Debug|Win32
		{8ED7930A-2DE0-483F-B13C-EB7CA58E5EBC}.Debug|Win32.Deploy.0 = Debug|Win32
		{8ED7930A-2DE0-483F-B13C-EB7CA58E5EBC}.Debug|x64.ActiveCfg = Debug|x64
		{8ED7930A-2DE0-483F-B13C-EB7CA58E5EBC}.Debug|x64.Build.0 = Debug|x64
		{8ED7930A-2DE0-483F-B13C-EB7CA58E5EBC}.Debug|x64.Deploy.0 = Debug|x64
		{8ED7930A-2DE0-483F-B13C-EB7CA58E5EBC}.Debug|ARM64.ActiveCfg = Debug|ARM64
		{8ED7930A-2DE0-483F-B13C-EB7CA58E5EBC}.Debug|ARM64.Build.0 = Debug|ARM64
		{8ED7930A-2DE0-483F-B13C-EB7CA58E5EBC}.Debug|ARM64.Deploy.0 = Debug|ARM64
		{8ED7930A-2DE0-483F-B13C-EB7CA58E5EBC}.Release|Win32.ActiveCfg = Release|Win32
		{8ED7930A-2DE0-483F-B13C-EB7CA58E5EBC}.Release|Win32.Build.0 = Release|Win32
		{8ED7930A-2DE0-483F-B13C-EB7CA58E5EBC}.Release|Win32.Deploy.0 = Release|Win32
		{8ED7930A-2DE0-483F-B13C-EB7CA58E5EBC}.Release|x64.ActiveCfg = Release|x64
		{8ED7930A-2DE0-483F-B13C-EB7CA58E5EBC}.Release|x64.Build.0 = Release|x64
		{8ED7930A-2DE0-483F-B13C-EB7CA58E5EBC}.Release|x64.Deploy.0 = Release|x64
		{8ED7930A-2DE0-483F-B13C-EB7CA58E5EBC}.Release|ARM64.ActiveCfg = Release|ARM64
		{8ED7930A-2DE0-483F-B13C-EB7CA58E5EBC}.Release|ARM64.Build.0 = Release|ARM64
		{8ED7930A-2DE0-483F-B13C-EB7CA58E5EBC}.Release|ARM64.Deploy.0 = Release|ARM64
		{A3A8B5C5-0EDF-4945-A696-9AA8A998F780}.Debug|Win32.ActiveCfg = Debug|Win32
		{A3A8B5C5-0EDF-4945-A696-9AA8A998F780}.Debug|Win32.Build.0 = Debug|Win32
		{A3A8B5C5-0EDF-4945-A696-9AA8A998F780}.Debug|Win32.Deploy.0 = Debug|Win32
		{A3A8B5C5-0EDF-4945-A696-9AA8A998F780}.Debug|x64.ActiveCfg = Debug|x64
		{A3A8B5C5-0EDF-4945-A696-9AA8A998F780}.Debug|x64.Build.0 = Debug|x64
		{A3A8B5C5-0EDF-4945-A696-9AA8A998F780}.Debug|x64.Deploy.0 = Debug|x64
		{A3A8B5C5-0EDF-4945-A696-9AA8A998F780}.Debug|ARM64.ActiveCfg = Debug|ARM64
		{A3A8B5C5-0EDF-4945-A696-9AA8A998F780}.Debug|ARM64.Build.0 = Debug|ARM64
		{A3A8B5C5-0EDF-4945-A696-9AA8A998F780}.Debug|ARM64.Deploy.0 = Debug|ARM64
		{A3A8B5C5-0EDF-4945-A696-9AA8A998F780}.Release|Win32.ActiveCfg = Release|Win32
		{A3A8B5C5-0EDF-4945-A696-9AA8A998F780}.Release|Win32.Build.0 = Release|Win32
		{A3A8B5C5-0EDF-4945-A696-9AA8A998F780}.Release|Win32.Deploy.0 = Release|Win32
		{A3A8B5C5-0EDF-4945-A696-9AA8A998F780}.Release|x64.ActiveCfg = Release|x64
		{A3A8B5C5-0EDF-4945-A696-9AA8A998F780}.Release|x64.Build.0 = Release|x64
		{A3A8B5C5-0EDF-4945-A696-9AA8A998F780}.Release|x64.Deploy.0 = Release|x64
		{A3A8B5C5-0EDF-4945-A696-9AA8A998F780}.Release|ARM64.ActiveCfg = Release|ARM64
		{A3A8B5C5-0EDF-4945-A696-9AA8A998F780}.Release|ARM64.Build.0 = Release|ARM64
		{A3A8B5C5-0EDF-4945-A696-9AA8A998F780}.Release|ARM64.Deploy.0 = Release|ARM64
		{471D9752-D735-43AD-80B5-7B736AA610F9}.Debug|Win32.ActiveCfg = Debug|Win32
		{471D9752-D735-43AD-80B5-7B736AA610F9}.Debug|Win32.Build.0 = Debug|Win32
		{471D9752-D735-43AD-80B5-7B736AA610F9}.Debug|Win32.Deploy.0 = Debug|Win32
		{471D9752-D735-43AD-80B5-7B736AA610F9}.Debug|x64.ActiveCfg = Debug|x64
		{471D9752-D735-43AD-80B5-7B736AA610F9}.Debug|x64.Build.0 = Debug|x64
		{471D9752-D735-43AD-80B5-7B736AA610F9}.Debug|x64.Deploy.0 = Debug|x64
		{471D9752-D735-43AD-80B5-7B736AA610F9}.Debug|ARM64.ActiveCfg = Debug|ARM64
		{471D9752-D735-43AD-80B5-7B736AA610F9}.Debug|ARM64.Build.0 = Debug|ARM64
		{471D9752-D735-43AD-80B5-7B736AA610F9}.Debug|ARM64.Deploy.0 = Debug|ARM64
		{471D9752-D735-43AD-80B5-7B736AA610F9}.Release|Win32.ActiveCfg = Release|Win32
		{471D9752-D735-43AD-80B5-7B736AA610F9}.Release|Win32.Build.0 = Release|Win32
		{471D9752-D735-43AD-80B5-7B736AA610F9}.Release|Win32.Deploy.0 = Release|Win32
		{471D9752-D735-43AD-80B5-7B736AA610F9}.Release|x64.ActiveCfg = Release|x64
		{471D9752-D735-43AD-80B5-7B736AA610F9}.Release|x64.Build.0 = Release|x64
		{471D9752-D735-43AD-80B5-7B736AA610F9}.Release|x64.Deploy.0 = Release|x64
		{471D9752-D735-43AD-80B5-7B736AA610F9}.Release|ARM64.ActiveCfg = Release|ARM64
		{471D9752-D735-43AD-80B5-7B736AA610F9}.Release|ARM64.Build.0 = Release|ARM64
		{471D9752-D735-43AD-80B5-7B736AA610F9}.Release|ARM64.Deploy.0 = Release|ARM64
		{ABEC2A2A-12C9-4A4D-9872-8CC7CFB25C92}.Debug|Win32.ActiveCfg = Debug|Win32
		{ABEC2A2A-12C9-4A4D-9872-8CC7CFB25C92}.Debug|Win32.Build.0 = Debug|Win32
		{ABEC2A2A-12C9-4A4D-9872-8CC7CFB25C92}.Debug|Win32.Deploy.0 = Debug|Win32
		{ABEC2A2A-12C9-4A4D-9872-8CC7CFB25C92}.Debug|x64.ActiveCfg = Debug|x64
		{ABEC2A2A-12C9-4A4D-9872-8CC7CFB25C92}.Debug|x64.Build.0 = Debug|x64
		{ABEC2A2A-12C9-4A4D-9872-8CC7CFB25C92}.Debug|x64.Deploy.0 = Debug|x64
		{ABEC2A2A-12C9-4A4D-9872-8CC7CFB25C92}.Debug|ARM64.ActiveCfg = Debug|ARM64
		{ABEC2A2A-12C9-4A4D-9872-8CC7CFB25C92}.Debug|ARM64.Build.0 = Debug|ARM64
		{ABEC2A2A-12C9-4A4D-9872-8CC7CFB25C92}.Debug|ARM64.Deploy.0 = Debug|ARM64
		{ABEC2A2A-12C9-4A4D-9872-8CC7CFB25C92}.Release|Win32.ActiveCfg = Release|Win32
		{ABEC2A2A-12C9-4A4D-9872-8CC7CFB25C92}.Release|Win32.Build.0 = Release|Win32
		{ABEC2A2A-12C9-4A4D-9872-8CC7CFB25C92}.Release|Win32.Deploy.0 = Release|Win32
		{ABEC2A2A-12C9-4A4D-9872-8CC7CFB25C92}.Release|x64.ActiveCfg = Release|x64
		{ABEC2A2A-12C9-4A4D-9872-8CC7CFB25C92}.Release|x64.Build.0 = Release|x64
		{ABEC2A2A-12C9-4A4D-9872-8CC7CFB25C92}.Release|x64.Deploy.0 = Release|x64
		{ABEC2A2A-12C9-4A4D-9872-8CC7CFB25C92}.Release|ARM64.ActiveCfg = Release|ARM64
		{ABEC2A2A-12C9-4A4D-9872-8CC7CFB25C92}.Release|ARM64.Build.0 = Release|ARM64
		{ABEC2A2A-12C9-4A4D-9872-8CC7CFB25C92}.Release|ARM64.Deploy.0 = Release|ARM64
		{4C8A2E69-B25A-4293-A74F-EA19F4BB7C04}.Debug|Win32.ActiveCfg = Debug|Win32
		{4C8A2E69-B25A-4293-A74F-EA19F4BB7C04}.Debug|Win32.Build.0 = Debug|Win32
		{4C8A2E69-B25A-4293-A74F-EA19F4BB7C04}.Debug|Win32.Deploy.0 = Debug|Win32
		{4C8A2E69-B25A-4293-A74F-EA19F4BB7C04}.Debug|x64.ActiveCfg = Debug|x64
		{4C8A2E69-B25A-4293-A74F-EA19F4BB7C04}.Debug|x64.Build.0 = Debug|x64
		{4C8A2E69-B25A-4293-A74F-EA19F4BB7C04}.Debug|x64.Deploy.0 = Debug|x64
		{4C8A2E69-B25A-4293-A74F-EA19F4BB7C04}.Debug|ARM64.ActiveCfg = Debug|ARM64
		{4C8A2E69-B25A-4293-A74F-EA19F4BB7C04}.Debug|ARM64.Build.0 = Debug|ARM64
		{4C8A2E69-B25A-4293-A74F-EA19F4BB7C04}.Debug|ARM64.Deploy.0 = Debug|ARM64
		{4C8A2E69-B25A-4293-A74F-EA19F4BB7C04}.Release|Win32.ActiveCfg = Release|Win32
		{4C8A2E69-B25A-4293-A74F-EA19F4BB7C04}.Release|Win32.Build.0 = Release|Win32
		{4C8A2E69-B25A-4293-A74F-EA19F4BB7C04}.Release|Win32.Deploy.0 = Release|Win32
		{4C8A2E69-B25A-4293-A74F-EA19F4BB7C04}.Release|x64.ActiveCfg = Release|x64
		{4C8A2E69-B25A-4293-A74F-EA19F4BB7C04}.Release|x64.Build.0 = Release|x64
		{4C8A2E69-B25A-4293-A74F-EA19F4BB7C04}.Release|x64.Deploy.0 = Release|x64
		{4C8A2E69-B25A-4293-A74F-EA19F4BB7C04}.Release|ARM64.ActiveCfg = Release|ARM64
		{4C8A2E69-B25A-4293-A74F-EA19F4BB7C04}.Release|ARM64.Build.0 = Release|ARM64
		{4C8A2E69-B25A-4293-A74F-EA19F4BB7C04}.Release|ARM64.Deploy.0 = Release|ARM64
		{4BE20F1B-9A31-4F04-A636-ADAA1CEB9010}.Debug|Win32.ActiveCfg = Debug|Win32
		{4BE20F1B-9A31-4F04-A636-ADAA1CEB9010}.Debug|Win32.Build.0 = Debug|Win32
		{4BE20F1B-9A31-4F04-A636-ADAA1CEB9010}.Debug|Win32.Deploy.0 = Debug|Win32
		{4BE20F1B-9A31-4F04-A636-ADAA1CEB9010}.Debug|x64.ActiveCfg = Debug|x64
		{4BE20F1B-9A31-4F04-A636-ADAA1CEB9010}.Debug|x64.Build.0 = Debug|x64
		{4BE20F1B-9A31-4F04-A636-ADAA1CEB9010}.Debug|x64.Deploy.0 = Debug|x64
		{4BE20F1B-9A31-4F04-A636-ADAA1CEB9010}.Debug|ARM64.ActiveCfg = Debug|ARM64
		{4BE20F1B-9A31-4F04-A636-ADAA1CEB9010}.Debug|ARM64.Build.0 = Debug|ARM64
		{4BE20F1B-9A31-4F04-A636-ADAA1CEB9010}.Debug|ARM64.Deploy.0 = Debug|ARM64
		{4BE20F1B-9A31-4F04-A636-ADAA1CEB9010}.Release|Win32.ActiveCfg = Release|Win32
		{4BE20F1B-9A31-4F04-A636-ADAA1CEB9010}.Release|Win32.Build.0 = Release|Win32
		{4BE20F1B-9A31-4F04-A636-ADAA1CEB9010}.Release|Win32.Deploy.0 = Release|Win32
		{4BE20F1B-9A31-4F04-A636-ADAA1CEB9010}.Release|x64.ActiveCfg = Release|x64
		{4BE20F1B-9A31-4F04-A636-ADAA1CEB9010}.Release|x64.Build.0 = Release|x64
		{4BE20F1B-9A31-4F04-A636-ADAA1CEB9010}.Release|x64.Deploy.0 = Release|x64
		{4BE20F1B-9A31-4F04-A636-ADAA1CEB9010}.Release|ARM64.ActiveCfg = Release|ARM64
		{4BE20F1B-9A31-4F04-A636-ADAA1CEB9010}.Release|ARM64.Build.0 = Release|ARM64
		{4BE20F1B-9A31-4F04-A636-ADAA1CEB9010}.Release|ARM64.Deploy.0 = Release|ARM64
		{75DA9414-D526-403D-B38B-CD99180239DE}.Debug|Win32.ActiveCfg = Debug|Win32
		{75DA9414-D526-403D-B38B-CD99180239DE}.Debug|Win32.Build.0 = Debug|Win32
		{75DA9414-D526-403D-B38B-CD99180239DE}.Debug|Win32.Deploy.0 = Debug|Win32
		{75DA9414-D526-403D-B38B-CD99180239DE}.Debug|x64.ActiveCfg = Debug|x64
		{75DA9414-D526-403D-B38B-CD99180239DE}.Debug|x64.Build.0 = Debug|x64
		{75DA9414-D526-403D-B38B-CD99180239DE}.Debug|x64.Deploy.0 = Debug|x64
		{75DA9414-D526-403D-B38B-CD99180239DE}.Debug|ARM64.ActiveCfg = Debug|ARM64
		{75DA9414-D526-403D-B38B-CD99180239DE}.Debug|ARM64.Build.0 = Debug|ARM64
		{75DA9414-D526-403D-B38B-CD99180239DE}.Debug|ARM64.Deploy.0 = Debug|ARM64
		{75DA9414-D526-403D-B38B-CD99180239DE}.Release|Win32.ActiveCfg = Release|Win32
		{75DA9414-D526-403D-B38B-CD99180239DE}.Release|Win32.Build.0 = Release|Win32
		{75DA9414-D526-403D-B38B-CD99180239DE}.Release|Win32.Deploy.0 = Release|Win32
		{75DA9414-D526-403D-B38B-CD99180239DE}.Release|x64.ActiveCfg = Release|x64
		{75DA9414-D526-403D-B38B-CD99180239DE}.Release|x64.Build.0 = Release|x64
		{75DA9414-D526-403D-B38B-CD99180239DE}.Release|x64.Deploy.0 = Release|x64
		{75DA9414-D526-403D-B38B-CD99180239DE}.Release|ARM64.ActiveCfg = Release|ARM64
		{75DA9414-D526-403D-B38B-CD99180239DE}.Release|ARM64.Build.0 = Release|ARM64
		{75DA9414-D526-403D-B38B-CD99180239DE}.Release|ARM64.Deploy.0 = Release|ARM64
		{2DED07E7-6012-411F-A53D-F1208475D839}.Debug|Win32.ActiveCfg = Debug|Win32
		{2DED07E7-6012-411F-A53D-F1208475D839}.Debug|Win32.Build.0 = Debug|Win32
		{2DED07E7-6012-411F-A53D-F1208475D839}.Debug|Win32.Deploy.0 = Debug|Win32
		{2DED07E7-6012-411F-A53D-F1208475D839}.Debug|x64.ActiveCfg = Debug|x64
		{2DED07E7-6012-411F-A53D-F1208475D839}.Debug|x64.Build.0 = Debug|x64
		{2DED07E7-6012-411F-A53D-F1208475D839}.Debug|x64.Deploy.0 = Debug|x64
		{2DED07E7-6012-411F-A53D-F1208475D839}.Debug|ARM64.ActiveCfg = Debug|ARM64
		{2DED07E7-6012-411F-A53D-F1208475D839}.Debug|ARM64.Build.0 = Debug|ARM64
		{2DED07E7-6012-411F-A53D-F1208475D839}.Debug|ARM64.Deploy.0 = Debug|ARM64
		{2DED07E7-6012-411F-A53D-F1208475D839}.Release|Win32.ActiveCfg = Release|Win32
		{2DED07E7-6012-411F-A53D-F1208475D839}.Release|Win32.Build.0 = Release|Win32
		{2DED07E7-6012-411F-A53D-F1208475D839}.Release|Win32.Deploy.0 = Release|Win32
		{2DED07E7-6012-411F-A53D-F1208475D839}.Release|x64.ActiveCfg = Release|x64
		{2DED07E7-6012-411F-A53D-F1208475D839}.Release|x64.Build.0 = Release|x64
		{2DED07E7-6012-411F-A53D-F1208475D839}.Release|x64.Deploy.0 = Release|x64
		{2DED07E7-6012-411F-A53D-F1208475D839}.Release|ARM64.ActiveCfg = Release|ARM64
		{2DED07E7-6012-411F-A53D-F1208475D839}.Release|ARM64.Build.0 = Release|ARM64
		{2DED07E7-6012-411F-A53D-F1208475D839}.Release|ARM64.Deploy.0 = Release|ARM64
		{67779A88-DB40-4FD7-A445-5032019D2D13}.Debug|Win32.ActiveCfg = Debug|Win32
		{67779A88-DB40-4FD7-A445-5032019D2D13}.Debug|Win32.Build.0 = Debug|Win32
		{67779A88-DB40-4FD7-A445-5032019D2D13}.Debug|Win32.Deploy.0 = Debug|Win32
		{67779A88-DB40-4FD7-A445-5032019D2D13}.Debug|x64.ActiveCfg = Debug|x64
		{67779A88-DB40-4FD7-A445-5032019D2D13}.Debug|x64.Build.0 = Debug|x64
		{67779A88-DB40-4FD7-A445-5032019D2D13}.Debug|x64.Deploy.0 = Debug|x64
		{67779A88-DB40-4FD7-A445-5032019D2D13}.Debug|ARM64.ActiveCfg = Debug|ARM64
		{67779A88-DB40-4FD7-A445-5032019D2D13}.Debug|ARM64.Build.0 = Debug|ARM64
		{67779A88-DB40-4FD7-A445-5032019D2D13}.Debug|ARM64.Deploy.0 = Debug|ARM64
		{67779A88-DB40-4FD7-A445-5032019D2D13}.Release|Win32.ActiveCfg = Release|Win32
		{67779A88-DB40-4FD7-A445-5032019D2D13}.Release|Win32.Build.0 = Release|Win32
		{67779A88-DB40-4FD7-A445-5032019D2D13}.Release|Win32.Deploy.0 = Release|Win32
		{67779A88-DB40-4FD7-A445-5032019D2D13}.Release|x64.ActiveCfg = Release|x64
		{67779A88-DB40-4FD7-A445-5032019D2D13}.Release|x64.Build.0 = Release|x64
		{67779A88-DB40-4FD7-A445-5032019D2D13}.Release|x64.Deploy.0 = Release|x64
		{67779A88-DB40-4FD7-A445-5032019D2D13}.Release|ARM64.ActiveCfg = Release|ARM64
		{67779A88-DB40-4FD7-A445-5032019D2D13}.Release|ARM64.Build.0 = Release|ARM64
		{67779A88-DB40-4FD7-A445-5032019D2D13}.Release|ARM64.Deploy.0 = Release|ARM64
		{0C930D11-05D5-484F-AA64-379EC00E8EA6}.Debug|Win32.ActiveCfg = Debug|Win32
		{0C930D11-05D5-484F-AA64-379EC00E8EA6}.Debug|Win32.Build.0 = Debug|Win32
		{0C930D11-05D5-484F-AA64-379EC00E8EA6}.Debug|Win32.Deploy.0 = Debug|Win32
		{0C930D11-05D5-484F-AA64-379EC00E8EA6}.Debug|x64.ActiveCfg = Debug|x64
		{0C930D11-05D5-484F-AA64-379EC00E8EA6}.Debug|x64.Build.0 = Debug|x64
		{0C930D11-05D5-484F-AA64-379EC00E8EA6}.Debug|x64.Deploy.0 = Debug|x64
		{0C930D11-05D5-484F-AA64-379EC00E8EA6}.Debug|ARM64.ActiveCfg = Debug|ARM64
		{0C930D11-05D5-484F-AA64-379EC00E8EA6}.Debug|ARM64.Build.0 = Debug|ARM64
		{0C930D11-05D5-484F-AA64-379EC00E8EA6}.Debug|ARM64.Deploy.0 = Debug|ARM64
		{0C930D11-05D5-484F-AA64-379EC00E8EA6}.Release|Win32.ActiveCfg = Release|Win32
		{0C930D11-05D5-484F-AA64-379EC00E8EA6}.Release|Win32.Build.0 = Release|Win32
		{0C930D11-05D5-484F-AA64-379EC00E8EA6}.Release|Win32.Deploy.0 = Release|Win32
		{0C930D11-05D5-484F-AA64-379EC00E8EA6}.Release|x64.ActiveCfg = Release|x64
		{0C930D11-05D5-484F-AA64-379EC00E8EA6}.Release|x64.Build.0 = Release|x64
		{0C930D11-05D5-484F-AA64-379EC00E8EA6}.Release|x64.Deploy.0 = Release|x64
		{0C930D11-05D5-484F-AA64-379EC00E8EA6}.Release|ARM64.ActiveCfg = Release|ARM64
		{0C930D11-05D5-484F-AA64-379EC00E8EA6}.Release|ARM64.Build.0 = Release|ARM64
		{0C930D11-05D5-484F-AA64-379EC00E8EA6}.Release|ARM64.Deploy.0 = Release|ARM64
	EndGlobalSection
	GlobalSection(SolutionProperties) = preSolution
		HideSolutionNode = FALSE
	EndGlobalSection
EndGlobal
