
Microsoft Visual Studio Solution File, Format Version 11.00
# Visual Studio Version 16
Project("{8BC9CEB8-8B4A-11D0-8D11-00A0C91BC942}") = "3d", "3d.vcxproj", "{A0A760F7-1A43-4EE8-8176-9804D434EDEB}"
EndProject
Project("{8BC9CEB8-8B4A-11D0-8D11-00A0C91BC942}") = "3d_multi", "3d_multi.vcxproj", "{4B830A96-3249-4F0F-BE19-5B3BEEC5A172}"
EndProject
Project("{8BC9CEB8-8B4A-11D0-8D11-00A0C91BC942}") = "event_parameter", "event_parameter.vcxproj", "{C43E52E5-7C76-4131-B6F2-28F07622127D}"
EndProject
Project("{8BC9CEB8-8B4A-11D0-8D11-00A0C91BC942}") = "load_banks", "load_banks.vcxproj", "{6CFBA0D6-BE0A-4338-B503-A80327A6DF9B}"
EndProject
Project("{8BC9CEB8-8B4A-11D0-8D11-00A0C91BC942}") = "music_callbacks", "music_callbacks.vcxproj", "{D4468C81-EC57-4E7E-9082-41437A9EB721}"
EndProject
Project("{8BC9CEB8-8B4A-11D0-8D11-00A0C91BC942}") = "objectpan", "objectpan.vcxproj", "{42F9D5EC-52E3-42E1-A388-D6111FD0170A}"
EndProject
Project("{8BC9CEB8-8B4A-11D0-8D11-00A0C91BC942}") = "programmer_sound", "programmer_sound.vcxproj", "{151B78E8-312C-463F-9815-1D41878036D3}"
EndProject
Project("{8BC9CEB8-8B4A-11D0-8D11-00A0C91BC942}") = "recording_playback", "recording_playback.vcxproj", "{286270B7-CF2B-41A2-A95B-91BAC1B76E03}"
EndProject
Project("{8BC9CEB8-8B4A-11D0-8D11-00A0C91BC942}") = "simple_event", "simple_event.vcxproj", "{8B62F895-B4DC-4238-8242-FA397959DFD3}"
EndProject
Global
	GlobalSection(SolutionConfigurationPlatforms) = preSolution
		Debug|Win32 = Debug|Win32
		Debug|x64 = Debug|x64
		Debug|ARM64 = Debug|ARM64
		Release|Win32 = Release|Win32
		Release|x64 = Release|x64
		Release|ARM64 = Release|ARM64
	EndGlobalSection
	GlobalSection(ProjectConfigurationPlatforms) = postSolution
		{A0A760F7-1A43-4EE8-8176-9804D434EDEB}.Debug|Win32.ActiveCfg = Debug|Win32
		{A0A760F7-1A43-4EE8-8176-9804D434EDEB}.Debug|Win32.Build.0 = Debug|Win32
		{A0A760F7-1A43-4EE8-8176-9804D434EDEB}.Debug|Win32.Deploy.0 = Debug|Win32
		{A0A760F7-1A43-4EE8-8176-9804D434EDEB}.Debug|x64.ActiveCfg = Debug|x64
		{A0A760F7-1A43-4EE8-8176-9804D434EDEB}.Debug|x64.Build.0 = Debug|x64
		{A0A760F7-1A43-4EE8-8176-9804D434EDEB}.Debug|x64.Deploy.0 = Debug|x64
		{A0A760F7-1A43-4EE8-8176-9804D434EDEB}.Debug|ARM64.ActiveCfg = Debug|ARM64
		{A0A760F7-1A43-4EE8-8176-9804D434EDEB}.Debug|ARM64.Build.0 = Debug|ARM64
		{A0A760F7-1A43-4EE8-8176-9804D434EDEB}.Debug|ARM64.Deploy.0 = Debug|ARM64
		{A0A760F7-1A43-4EE8-8176-9804D434EDEB}.Release|Win32.ActiveCfg = Release|Win32
		{A0A760F7-1A43-4EE8-8176-9804D434EDEB}.Release|Win32.Build.0 = Release|Win32
		{A0A760F7-1A43-4EE8-8176-9804D434EDEB}.Release|Win32.Deploy.0 = Release|Win32
		{A0A760F7-1A43-4EE8-8176-9804D434EDEB}.Release|x64.ActiveCfg = Release|x64
		{A0A760F7-1A43-4EE8-8176-9804D434EDEB}.Release|x64.Build.0 = Release|x64
		{A0A760F7-1A43-4EE8-8176-9804D434EDEB}.Release|x64.Deploy.0 = Release|x64
		{A0A760F7-1A43-4EE8-8176-9804D434EDEB}.Release|ARM64.ActiveCfg = Release|ARM64
		{A0A760F7-1A43-4EE8-8176-9804D434EDEB}.Release|ARM64.Build.0 = Release|ARM64
		{A0A760F7-1A43-4EE8-8176-9804D434EDEB}.Release|ARM64.Deploy.0 = Release|ARM64
		{4B830A96-3249-4F0F-BE19-5B3BEEC5A172}.Debug|Win32.ActiveCfg = Debug|Win32
		{4B830A96-3249-4F0F-BE19-5B3BEEC5A172}.Debug|Win32.Build.0 = Debug|Win32
		{4B830A96-3249-4F0F-BE19-5B3BEEC5A172}.Debug|Win32.Deploy.0 = Debug|Win32
		{4B830A96-3249-4F0F-BE19-5B3BEEC5A172}.Debug|x64.ActiveCfg = Debug|x64
		{4B830A96-3249-4F0F-BE19-5B3BEEC5A172}.Debug|x64.Build.0 = Debug|x64
		{4B830A96-3249-4F0F-BE19-5B3BEEC5A172}.Debug|x64.Deploy.0 = Debug|x64
		{4B830A96-3249-4F0F-BE19-5B3BEEC5A172}.Debug|ARM64.ActiveCfg = Debug|ARM64
		{4B830A96-3249-4F0F-BE19-5B3BEEC5A172}.Debug|ARM64.Build.0 = Debug|ARM64
		{4B830A96-3249-4F0F-BE19-5B3BEEC5A172}.Debug|ARM64.Deploy.0 = Debug|ARM64
		{4B830A96-3249-4F0F-BE19-5B3BEEC5A172}.Release|Win32.ActiveCfg = Release|Win32
		{4B830A96-3249-4F0F-BE19-5B3BEEC5A172}.Release|Win32.Build.0 = Release|Win32
		{4B830A96-3249-4F0F-BE19-5B3BEEC5A172}.Release|Win32.Deploy.0 = Release|Win32
		{4B830A96-3249-4F0F-BE19-5B3BEEC5A172}.Release|x64.ActiveCfg = Release|x64
		{4B830A96-3249-4F0F-BE19-5B3BEEC5A172}.Release|x64.Build.0 = Release|x64
		{4B830A96-3249-4F0F-BE19-5B3BEEC5A172}.Release|x64.Deploy.0 = Release|x64
		{4B830A96-3249-4F0F-BE19-5B3BEEC5A172}.Release|ARM64.ActiveCfg = Release|ARM64
		{4B830A96-3249-4F0F-BE19-5B3BEEC5A172}.Release|ARM64.Build.0 = Release|ARM64
		{4B830A96-3249-4F0F-BE19-5B3BEEC5A172}.Release|ARM64.Deploy.0 = Release|ARM64
		{C43E52E5-7C76-4131-B6F2-28F07622127D}.Debug|Win32.ActiveCfg = Debug|Win32
		{C43E52E5-7C76-4131-B6F2-28F07622127D}.Debug|Win32.Build.0 = Debug|Win32
		{C43E52E5-7C76-4131-B6F2-28F07622127D}.Debug|Win32.Deploy.0 = Debug|Win32
		{C43E52E5-7C76-4131-B6F2-28F07622127D}.Debug|x64.ActiveCfg = Debug|x64
		{C43E52E5-7C76-4131-B6F2-28F07622127D}.Debug|x64.Build.0 = Debug|x64
		{C43E52E5-7C76-4131-B6F2-28F07622127D}.Debug|x64.Deploy.0 = Debug|x64
		{C43E52E5-7C76-4131-B6F2-28F07622127D}.Debug|ARM64.ActiveCfg = Debug|ARM64
		{C43E52E5-7C76-4131-B6F2-28F07622127D}.Debug|ARM64.Build.0 = Debug|ARM64
		{C43E52E5-7C76-4131-B6F2-28F07622127D}.Debug|ARM64.Deploy.0 = Debug|ARM64
		{C43E52E5-7C76-4131-B6F2-28F07622127D}.Release|Win32.ActiveCfg = Release|Win32
		{C43E52E5-7C76-4131-B6F2-28F07622127D}.Release|Win32.Build.0 = Release|Win32
		{C43E52E5-7C76-4131-B6F2-28F07622127D}.Release|Win32.Deploy.0 = Release|Win32
		{C43E52E5-7C76-4131-B6F2-28F07622127D}.Release|x64.ActiveCfg = Release|x64
		{C43E52E5-7C76-4131-B6F2-28F07622127D}.Release|x64.Build.0 = Release|x64
		{C43E52E5-7C76-4131-B6F2-28F07622127D}.Release|x64.Deploy.0 = Release|x64
		{C43E52E5-7C76-4131-B6F2-28F07622127D}.Release|ARM64.ActiveCfg = Release|ARM64
		{C43E52E5-7C76-4131-B6F2-28F07622127D}.Release|ARM64.Build.0 = Release|ARM64
		{C43E52E5-7C76-4131-B6F2-28F07622127D}.Release|ARM64.Deploy.0 = Release|ARM64
		{6CFBA0D6-BE0A-4338-B503-A80327A6DF9B}.Debug|Win32.ActiveCfg = Debug|Win32
		{6CFBA0D6-BE0A-4338-B503-A80327A6DF9B}.Debug|Win32.Build.0 = Debug|Win32
		{6CFBA0D6-BE0A-4338-B503-A80327A6DF9B}.Debug|Win32.Deploy.0 = Debug|Win32
		{6CFBA0D6-BE0A-4338-B503-A80327A6DF9B}.Debug|x64.ActiveCfg = Debug|x64
		{6CFBA0D6-BE0A-4338-B503-A80327A6DF9B}.Debug|x64.Build.0 = Debug|x64
		{6CFBA0D6-BE0A-4338-B503-A80327A6DF9B}.Debug|x64.Deploy.0 = Debug|x64
		{6CFBA0D6-BE0A-4338-B503-A80327A6DF9B}.Debug|ARM64.ActiveCfg = Debug|ARM64
		{6CFBA0D6-BE0A-4338-B503-A80327A6DF9B}.Debug|ARM64.Build.0 = Debug|ARM64
		{6CFBA0D6-BE0A-4338-B503-A80327A6DF9B}.Debug|ARM64.Deploy.0 = Debug|ARM64
		{6CFBA0D6-BE0A-4338-B503-A80327A6DF9B}.Release|Win32.ActiveCfg = Release|Win32
		{6CFBA0D6-BE0A-4338-B503-A80327A6DF9B}.Release|Win32.Build.0 = Release|Win32
		{6CFBA0D6-BE0A-4338-B503-A80327A6DF9B}.Release|Win32.Deploy.0 = Release|Win32
		{6CFBA0D6-BE0A-4338-B503-A80327A6DF9B}.Release|x64.ActiveCfg = Release|x64
		{6CFBA0D6-BE0A-4338-B503-A80327A6DF9B}.Release|x64.Build.0 = Release|x64
		{6CFBA0D6-BE0A-4338-B503-A80327A6DF9B}.Release|x64.Deploy.0 = Release|x64
		{6CFBA0D6-BE0A-4338-B503-A80327A6DF9B}.Release|ARM64.ActiveCfg = Release|ARM64
		{6CFBA0D6-BE0A-4338-B503-A80327A6DF9B}.Release|ARM64.Build.0 = Release|ARM64
		{6CFBA0D6-BE0A-4338-B503-A80327A6DF9B}.Release|ARM64.Deploy.0 = Release|ARM64
		{D4468C81-EC57-4E7E-9082-41437A9EB721}.Debug|Win32.ActiveCfg = Debug|Win32
		{D4468C81-EC57-4E7E-9082-41437A9EB721}.Debug|Win32.Build.0 = Debug|Win32
		{D4468C81-EC57-4E7E-9082-41437A9EB721}.Debug|Win32.Deploy.0 = Debug|Win32
		{D4468C81-EC57-4E7E-9082-41437A9EB721}.Debug|x64.ActiveCfg = Debug|x64
		{D4468C81-EC57-4E7E-9082-41437A9EB721}.Debug|x64.Build.0 = Debug|x64
		{D4468C81-EC57-4E7E-9082-41437A9EB721}.Debug|x64.Deploy.0 = Debug|x64
		{D4468C81-EC57-4E7E-9082-41437A9EB721}.Debug|ARM64.ActiveCfg = Debug|ARM64
		{D4468C81-EC57-4E7E-9082-41437A9EB721}.Debug|ARM64.Build.0 = Debug|ARM64
		{D4468C81-EC57-4E7E-9082-41437A9EB721}.Debug|ARM64.Deploy.0 = Debug|ARM64
		{D4468C81-EC57-4E7E-9082-41437A9EB721}.Release|Win32.ActiveCfg = Release|Win32
		{D4468C81-EC57-4E7E-9082-41437A9EB721}.Release|Win32.Build.0 = Release|Win32
		{D4468C81-EC57-4E7E-9082-41437A9EB721}.Release|Win32.Deploy.0 = Release|Win32
		{D4468C81-EC57-4E7E-9082-41437A9EB721}.Release|x64.ActiveCfg = Release|x64
		{D4468C81-EC57-4E7E-9082-41437A9EB721}.Release|x64.Build.0 = Release|x64
		{D4468C81-EC57-4E7E-9082-41437A9EB721}.Release|x64.Deploy.0 = Release|x64
		{D4468C81-EC57-4E7E-9082-41437A9EB721}.Release|ARM64.ActiveCfg = Release|ARM64
		{D4468C81-EC57-4E7E-9082-41437A9EB721}.Release|ARM64.Build.0 = Release|ARM64
		{D4468C81-EC57-4E7E-9082-41437A9EB721}.Release|ARM64.Deploy.0 = Release|ARM64
		{42F9D5EC-52E3-42E1-A388-D6111FD0170A}.Debug|Win32.ActiveCfg = Debug|Win32
		{42F9D5EC-52E3-42E1-A388-D6111FD0170A}.Debug|Win32.Build.0 = Debug|Win32
		{42F9D5EC-52E3-42E1-A388-D6111FD0170A}.Debug|Win32.Deploy.0 = Debug|Win32
		{42F9D5EC-52E3-42E1-A388-D6111FD0170A}.Debug|x64.ActiveCfg = Debug|x64
		{42F9D5EC-52E3-42E1-A388-D6111FD0170A}.Debug|x64.Build.0 = Debug|x64
		{42F9D5EC-52E3-42E1-A388-D6111FD0170A}.Debug|x64.Deploy.0 = Debug|x64
		{42F9D5EC-52E3-42E1-A388-D6111FD0170A}.Debug|ARM64.ActiveCfg = Debug|ARM64
		{42F9D5EC-52E3-42E1-A388-D6111FD0170A}.Debug|ARM64.Build.0 = Debug|ARM64
		{42F9D5EC-52E3-42E1-A388-D6111FD0170A}.Debug|ARM64.Deploy.0 = Debug|ARM64
		{42F9D5EC-52E3-42E1-A388-D6111FD0170A}.Release|Win32.ActiveCfg = Release|Win32
		{42F9D5EC-52E3-42E1-A388-D6111FD0170A}.Release|Win32.Build.0 = Release|Win32
		{42F9D5EC-52E3-42E1-A388-D6111FD0170A}.Release|Win32.Deploy.0 = Release|Win32
		{42F9D5EC-52E3-42E1-A388-D6111FD0170A}.Release|x64.ActiveCfg = Release|x64
		{42F9D5EC-52E3-42E1-A388-D6111FD0170A}.Release|x64.Build.0 = Release|x64
		{42F9D5EC-52E3-42E1-A388-D6111FD0170A}.Release|x64.Deploy.0 = Release|x64
		{42F9D5EC-52E3-42E1-A388-D6111FD0170A}.Release|ARM64.ActiveCfg = Release|ARM64
		{42F9D5EC-52E3-42E1-A388-D6111FD0170A}.Release|ARM64.Build.0 = Release|ARM64
		{42F9D5EC-52E3-42E1-A388-D6111FD0170A}.Release|ARM64.Deploy.0 = Release|ARM64
		{151B78E8-312C-463F-9815-1D41878036D3}.Debug|Win32.ActiveCfg = Debug|Win32
		{151B78E8-312C-463F-9815-1D41878036D3}.Debug|Win32.Build.0 = Debug|Win32
		{151B78E8-312C-463F-9815-1D41878036D3}.Debug|Win32.Deploy.0 = Debug|Win32
		{151B78E8-312C-463F-9815-1D41878036D3}.Debug|x64.ActiveCfg = Debug|x64
		{151B78E8-312C-463F-9815-1D41878036D3}.Debug|x64.Build.0 = Debug|x64
		{151B78E8-312C-463F-9815-1D41878036D3}.Debug|x64.Deploy.0 = Debug|x64
		{151B78E8-312C-463F-9815-1D41878036D3}.Debug|ARM64.ActiveCfg = Debug|ARM64
		{151B78E8-312C-463F-9815-1D41878036D3}.Debug|ARM64.Build.0 = Debug|ARM64
		{151B78E8-312C-463F-9815-1D41878036D3}.Debug|ARM64.Deploy.0 = Debug|ARM64
		{151B78E8-312C-463F-9815-1D41878036D3}.Release|Win32.ActiveCfg = Release|Win32
		{151B78E8-312C-463F-9815-1D41878036D3}.Release|Win32.Build.0 = Release|Win32
		{151B78E8-312C-463F-9815-1D41878036D3}.Release|Win32.Deploy.0 = Release|Win32
		{151B78E8-312C-463F-9815-1D41878036D3}.Release|x64.ActiveCfg = Release|x64
		{151B78E8-312C-463F-9815-1D41878036D3}.Release|x64.Build.0 = Release|x64
		{151B78E8-312C-463F-9815-1D41878036D3}.Release|x64.Deploy.0 = Release|x64
		{151B78E8-312C-463F-9815-1D41878036D3}.Release|ARM64.ActiveCfg = Release|ARM64
		{151B78E8-312C-463F-9815-1D41878036D3}.Release|ARM64.Build.0 = Release|ARM64
		{151B78E8-312C-463F-9815-1D41878036D3}.Release|ARM64.Deploy.0 = Release|ARM64
		{286270B7-CF2B-41A2-A95B-91BAC1B76E03}.Debug|Win32.ActiveCfg = Debug|Win32
		{286270B7-CF2B-41A2-A95B-91BAC1B76E03}.Debug|Win32.Build.0 = Debug|Win32
		{286270B7-CF2B-41A2-A95B-91BAC1B76E03}.Debug|Win32.Deploy.0 = Debug|Win32
		{286270B7-CF2B-41A2-A95B-91BAC1B76E03}.Debug|x64.ActiveCfg = Debug|x64
		{286270B7-CF2B-41A2-A95B-91BAC1B76E03}.Debug|x64.Build.0 = Debug|x64
		{286270B7-CF2B-41A2-A95B-91BAC1B76E03}.Debug|x64.Deploy.0 = Debug|x64
		{286270B7-CF2B-41A2-A95B-91BAC1B76E03}.Debug|ARM64.ActiveCfg = Debug|ARM64
		{286270B7-CF2B-41A2-A95B-91BAC1B76E03}.Debug|ARM64.Build.0 = Debug|ARM64
		{286270B7-CF2B-41A2-A95B-91BAC1B76E03}.Debug|ARM64.Deploy.0 = Debug|ARM64
		{286270B7-CF2B-41A2-A95B-91BAC1B76E03}.Release|Win32.ActiveCfg = Release|Win32
		{286270B7-CF2B-41A2-A95B-91BAC1B76E03}.Release|Win32.Build.0 = Release|Win32
		{286270B7-CF2B-41A2-A95B-91BAC1B76E03}.Release|Win32.Deploy.0 = Release|Win32
		{286270B7-CF2B-41A2-A95B-91BAC1B76E03}.Release|x64.ActiveCfg = Release|x64
		{286270B7-CF2B-41A2-A95B-91BAC1B76E03}.Release|x64.Build.0 = Release|x64
		{286270B7-CF2B-41A2-A95B-91BAC1B76E03}.Release|x64.Deploy.0 = Release|x64
		{286270B7-CF2B-41A2-A95B-91BAC1B76E03}.Release|ARM64.ActiveCfg = Release|ARM64
		{286270B7-CF2B-41A2-A95B-91BAC1B76E03}.Release|ARM64.Build.0 = Release|ARM64
		{286270B7-CF2B-41A2-A95B-91BAC1B76E03}.Release|ARM64.Deploy.0 = Release|ARM64
		{8B62F895-B4DC-4238-8242-FA397959DFD3}.Debug|Win32.ActiveCfg = Debug|Win32
		{8B62F895-B4DC-4238-8242-FA397959DFD3}.Debug|Win32.Build.0 = Debug|Win32
		{8B62F895-B4DC-4238-8242-FA397959DFD3}.Debug|Win32.Deploy.0 = Debug|Win32
		{8B62F895-B4DC-4238-8242-FA397959DFD3}.Debug|x64.ActiveCfg = Debug|x64
		{8B62F895-B4DC-4238-8242-FA397959DFD3}.Debug|x64.Build.0 = Debug|x64
		{8B62F895-B4DC-4238-8242-FA397959DFD3}.Debug|x64.Deploy.0 = Debug|x64
		{8B62F895-B4DC-4238-8242-FA397959DFD3}.Debug|ARM64.ActiveCfg = Debug|ARM64
		{8B62F895-B4DC-4238-8242-FA397959DFD3}.Debug|ARM64.Build.0 = Debug|ARM64
		{8B62F895-B4DC-4238-8242-FA397959DFD3}.Debug|ARM64.Deploy.0 = Debug|ARM64
		{8B62F895-B4DC-4238-8242-FA397959DFD3}.Release|Win32.ActiveCfg = Release|Win32
		{8B62F895-B4DC-4238-8242-FA397959DFD3}.Release|Win32.Build.0 = Release|Win32
		{8B62F895-B4DC-4238-8242-FA397959DFD3}.Release|Win32.Deploy.0 = Release|Win32
		{8B62F895-B4DC-4238-8242-FA397959DFD3}.Release|x64.ActiveCfg = Release|x64
		{8B62F895-B4DC-4238-8242-FA397959DFD3}.Release|x64.Build.0 = Release|x64
		{8B62F895-B4DC-4238-8242-FA397959DFD3}.Release|x64.Deploy.0 = Release|x64
		{8B62F895-B4DC-4238-8242-FA397959DFD3}.Release|ARM64.ActiveCfg = Release|ARM64
		{8B62F895-B4DC-4238-8242-FA397959DFD3}.Release|ARM64.Build.0 = Release|ARM64
		{8B62F895-B4DC-4238-8242-FA397959DFD3}.Release|ARM64.Deploy.0 = Release|ARM64
	EndGlobalSection
	GlobalSection(SolutionProperties) = preSolution
		HideSolutionNode = FALSE
	EndGlobalSection
EndGlobal
