
Microsoft Visual Studio Solution File, Format Version 11.00
# Visual Studio 15
Project("{8BC9CEB8-8B4A-11D0-8D11-00A0C91BC942}") = "3d", "3d.vcxproj", "{F6EE702E-63AF-424A-B0D2-13519B12947D}"
EndProject
Project("{8BC9CEB8-8B4A-11D0-8D11-00A0C91BC942}") = "3d_multi", "3d_multi.vcxproj", "{6B752E2D-4DBF-401B-A752-709E2D256FF3}"
EndProject
Project("{8BC9CEB8-8B4A-11D0-8D11-00A0C91BC942}") = "event_parameter", "event_parameter.vcxproj", "{54A6C90F-6EEF-46A9-A19A-8918FC76DE67}"
EndProject
Project("{8BC9CEB8-8B4A-11D0-8D11-00A0C91BC942}") = "load_banks", "load_banks.vcxproj", "{55ACB707-6EFD-4740-995C-E0B4A2A0A4FB}"
EndProject
Project("{8BC9CEB8-8B4A-11D0-8D11-00A0C91BC942}") = "music_callbacks", "music_callbacks.vcxproj", "{F1D34AB3-DF14-4CD7-AAC5-3DAC5A3DABE6}"
EndProject
Project("{8BC9CEB8-8B4A-11D0-8D11-00A0C91BC942}") = "objectpan", "objectpan.vcxproj", "{50AE5A7E-AF3C-4BF4-8ECF-10F94B3C0B04}"
EndProject
Project("{8BC9CEB8-8B4A-11D0-8D11-00A0C91BC942}") = "programmer_sound", "programmer_sound.vcxproj", "{FA7B8556-FD50-408C-8863-747F6DF309B2}"
EndProject
Project("{8BC9CEB8-8B4A-11D0-8D11-00A0C91BC942}") = "recording_playback", "recording_playback.vcxproj", "{A593D6E2-1402-4FD4-BF56-8AAF32F8ADDE}"
EndProject
Project("{8BC9CEB8-8B4A-11D0-8D11-00A0C91BC942}") = "simple_event", "simple_event.vcxproj", "{25441643-41F1-48D9-8BFC-CFBB7D51B7AF}"
EndProject
Global
	GlobalSection(SolutionConfigurationPlatforms) = preSolution
		Debug|Win32 = Debug|Win32
		Debug|x64 = Debug|x64
		Debug|ARM64 = Debug|ARM64
		Release|Win32 = Release|Win32
		Release|x64 = Release|x64
		Release|ARM64 = Release|ARM64
	EndGlobalSection
	GlobalSection(ProjectConfigurationPlatforms) = postSolution
		{F6EE702E-63AF-424A-B0D2-13519B12947D}.Debug|Win32.ActiveCfg = Debug|Win32
		{F6EE702E-63AF-424A-B0D2-13519B12947D}.Debug|Win32.Build.0 = Debug|Win32
		{F6EE702E-63AF-424A-B0D2-13519B12947D}.Debug|Win32.Deploy.0 = Debug|Win32
		{F6EE702E-63AF-424A-B0D2-13519B12947D}.Debug|x64.ActiveCfg = Debug|x64
		{F6EE702E-63AF-424A-B0D2-13519B12947D}.Debug|x64.Build.0 = Debug|x64
		{F6EE702E-63AF-424A-B0D2-13519B12947D}.Debug|x64.Deploy.0 = Debug|x64
		{F6EE702E-63AF-424A-B0D2-13519B12947D}.Debug|ARM64.ActiveCfg = Debug|ARM64
		{F6EE702E-63AF-424A-B0D2-13519B12947D}.Debug|ARM64.Build.0 = Debug|ARM64
		{F6EE702E-63AF-424A-B0D2-13519B12947D}.Debug|ARM64.Deploy.0 = Debug|ARM64
		{F6EE702E-63AF-424A-B0D2-13519B12947D}.Release|Win32.ActiveCfg = Release|Win32
		{F6EE702E-63AF-424A-B0D2-13519B12947D}.Release|Win32.Build.0 = Release|Win32
		{F6EE702E-63AF-424A-B0D2-13519B12947D}.Release|Win32.Deploy.0 = Release|Win32
		{F6EE702E-63AF-424A-B0D2-13519B12947D}.Release|x64.ActiveCfg = Release|x64
		{F6EE702E-63AF-424A-B0D2-13519B12947D}.Release|x64.Build.0 = Release|x64
		{F6EE702E-63AF-424A-B0D2-13519B12947D}.Release|x64.Deploy.0 = Release|x64
		{F6EE702E-63AF-424A-B0D2-13519B12947D}.Release|ARM64.ActiveCfg = Release|ARM64
		{F6EE702E-63AF-424A-B0D2-13519B12947D}.Release|ARM64.Build.0 = Release|ARM64
		{F6EE702E-63AF-424A-B0D2-13519B12947D}.Release|ARM64.Deploy.0 = Release|ARM64
		{6B752E2D-4DBF-401B-A752-709E2D256FF3}.Debug|Win32.ActiveCfg = Debug|Win32
		{6B752E2D-4DBF-401B-A752-709E2D256FF3}.Debug|Win32.Build.0 = Debug|Win32
		{6B752E2D-4DBF-401B-A752-709E2D256FF3}.Debug|Win32.Deploy.0 = Debug|Win32
		{6B752E2D-4DBF-401B-A752-709E2D256FF3}.Debug|x64.ActiveCfg = Debug|x64
		{6B752E2D-4DBF-401B-A752-709E2D256FF3}.Debug|x64.Build.0 = Debug|x64
		{6B752E2D-4DBF-401B-A752-709E2D256FF3}.Debug|x64.Deploy.0 = Debug|x64
		{6B752E2D-4DBF-401B-A752-709E2D256FF3}.Debug|ARM64.ActiveCfg = Debug|ARM64
		{6B752E2D-4DBF-401B-A752-709E2D256FF3}.Debug|ARM64.Build.0 = Debug|ARM64
		{6B752E2D-4DBF-401B-A752-709E2D256FF3}.Debug|ARM64.Deploy.0 = Debug|ARM64
		{6B752E2D-4DBF-401B-A752-709E2D256FF3}.Release|Win32.ActiveCfg = Release|Win32
		{6B752E2D-4DBF-401B-A752-709E2D256FF3}.Release|Win32.Build.0 = Release|Win32
		{6B752E2D-4DBF-401B-A752-709E2D256FF3}.Release|Win32.Deploy.0 = Release|Win32
		{6B752E2D-4DBF-401B-A752-709E2D256FF3}.Release|x64.ActiveCfg = Release|x64
		{6B752E2D-4DBF-401B-A752-709E2D256FF3}.Release|x64.Build.0 = Release|x64
		{6B752E2D-4DBF-401B-A752-709E2D256FF3}.Release|x64.Deploy.0 = Release|x64
		{6B752E2D-4DBF-401B-A752-709E2D256FF3}.Release|ARM64.ActiveCfg = Release|ARM64
		{6B752E2D-4DBF-401B-A752-709E2D256FF3}.Release|ARM64.Build.0 = Release|ARM64
		{6B752E2D-4DBF-401B-A752-709E2D256FF3}.Release|ARM64.Deploy.0 = Release|ARM64
		{54A6C90F-6EEF-46A9-A19A-8918FC76DE67}.Debug|Win32.ActiveCfg = Debug|Win32
		{54A6C90F-6EEF-46A9-A19A-8918FC76DE67}.Debug|Win32.Build.0 = Debug|Win32
		{54A6C90F-6EEF-46A9-A19A-8918FC76DE67}.Debug|Win32.Deploy.0 = Debug|Win32
		{54A6C90F-6EEF-46A9-A19A-8918FC76DE67}.Debug|x64.ActiveCfg = Debug|x64
		{54A6C90F-6EEF-46A9-A19A-8918FC76DE67}.Debug|x64.Build.0 = Debug|x64
		{54A6C90F-6EEF-46A9-A19A-8918FC76DE67}.Debug|x64.Deploy.0 = Debug|x64
		{54A6C90F-6EEF-46A9-A19A-8918FC76DE67}.Debug|ARM64.ActiveCfg = Debug|ARM64
		{54A6C90F-6EEF-46A9-A19A-8918FC76DE67}.Debug|ARM64.Build.0 = Debug|ARM64
		{54A6C90F-6EEF-46A9-A19A-8918FC76DE67}.Debug|ARM64.Deploy.0 = Debug|ARM64
		{54A6C90F-6EEF-46A9-A19A-8918FC76DE67}.Release|Win32.ActiveCfg = Release|Win32
		{54A6C90F-6EEF-46A9-A19A-8918FC76DE67}.Release|Win32.Build.0 = Release|Win32
		{54A6C90F-6EEF-46A9-A19A-8918FC76DE67}.Release|Win32.Deploy.0 = Release|Win32
		{54A6C90F-6EEF-46A9-A19A-8918FC76DE67}.Release|x64.ActiveCfg = Release|x64
		{54A6C90F-6EEF-46A9-A19A-8918FC76DE67}.Release|x64.Build.0 = Release|x64
		{54A6C90F-6EEF-46A9-A19A-8918FC76DE67}.Release|x64.Deploy.0 = Release|x64
		{54A6C90F-6EEF-46A9-A19A-8918FC76DE67}.Release|ARM64.ActiveCfg = Release|ARM64
		{54A6C90F-6EEF-46A9-A19A-8918FC76DE67}.Release|ARM64.Build.0 = Release|ARM64
		{54A6C90F-6EEF-46A9-A19A-8918FC76DE67}.Release|ARM64.Deploy.0 = Release|ARM64
		{55ACB707-6EFD-4740-995C-E0B4A2A0A4FB}.Debug|Win32.ActiveCfg = Debug|Win32
		{55ACB707-6EFD-4740-995C-E0B4A2A0A4FB}.Debug|Win32.Build.0 = Debug|Win32
		{55ACB707-6EFD-4740-995C-E0B4A2A0A4FB}.Debug|Win32.Deploy.0 = Debug|Win32
		{55ACB707-6EFD-4740-995C-E0B4A2A0A4FB}.Debug|x64.ActiveCfg = Debug|x64
		{55ACB707-6EFD-4740-995C-E0B4A2A0A4FB}.Debug|x64.Build.0 = Debug|x64
		{55ACB707-6EFD-4740-995C-E0B4A2A0A4FB}.Debug|x64.Deploy.0 = Debug|x64
		{55ACB707-6EFD-4740-995C-E0B4A2A0A4FB}.Debug|ARM64.ActiveCfg = Debug|ARM64
		{55ACB707-6EFD-4740-995C-E0B4A2A0A4FB}.Debug|ARM64.Build.0 = Debug|ARM64
		{55ACB707-6EFD-4740-995C-E0B4A2A0A4FB}.Debug|ARM64.Deploy.0 = Debug|ARM64
		{55ACB707-6EFD-4740-995C-E0B4A2A0A4FB}.Release|Win32.ActiveCfg = Release|Win32
		{55ACB707-6EFD-4740-995C-E0B4A2A0A4FB}.Release|Win32.Build.0 = Release|Win32
		{55ACB707-6EFD-4740-995C-E0B4A2A0A4FB}.Release|Win32.Deploy.0 = Release|Win32
		{55ACB707-6EFD-4740-995C-E0B4A2A0A4FB}.Release|x64.ActiveCfg = Release|x64
		{55ACB707-6EFD-4740-995C-E0B4A2A0A4FB}.Release|x64.Build.0 = Release|x64
		{55ACB707-6EFD-4740-995C-E0B4A2A0A4FB}.Release|x64.Deploy.0 = Release|x64
		{55ACB707-6EFD-4740-995C-E0B4A2A0A4FB}.Release|ARM64.ActiveCfg = Release|ARM64
		{55ACB707-6EFD-4740-995C-E0B4A2A0A4FB}.Release|ARM64.Build.0 = Release|ARM64
		{55ACB707-6EFD-4740-995C-E0B4A2A0A4FB}.Release|ARM64.Deploy.0 = Release|ARM64
		{F1D34AB3-DF14-4CD7-AAC5-3DAC5A3DABE6}.Debug|Win32.ActiveCfg = Debug|Win32
		{F1D34AB3-DF14-4CD7-AAC5-3DAC5A3DABE6}.Debug|Win32.Build.0 = Debug|Win32
		{F1D34AB3-DF14-4CD7-AAC5-3DAC5A3DABE6}.Debug|Win32.Deploy.0 = Debug|Win32
		{F1D34AB3-DF14-4CD7-AAC5-3DAC5A3DABE6}.Debug|x64.ActiveCfg = Debug|x64
		{F1D34AB3-DF14-4CD7-AAC5-3DAC5A3DABE6}.Debug|x64.Build.0 = Debug|x64
		{F1D34AB3-DF14-4CD7-AAC5-3DAC5A3DABE6}.Debug|x64.Deploy.0 = Debug|x64
		{F1D34AB3-DF14-4CD7-AAC5-3DAC5A3DABE6}.Debug|ARM64.ActiveCfg = Debug|ARM64
		{F1D34AB3-DF14-4CD7-AAC5-3DAC5A3DABE6}.Debug|ARM64.Build.0 = Debug|ARM64
		{F1D34AB3-DF14-4CD7-AAC5-3DAC5A3DABE6}.Debug|ARM64.Deploy.0 = Debug|ARM64
		{F1D34AB3-DF14-4CD7-AAC5-3DAC5A3DABE6}.Release|Win32.ActiveCfg = Release|Win32
		{F1D34AB3-DF14-4CD7-AAC5-3DAC5A3DABE6}.Release|Win32.Build.0 = Release|Win32
		{F1D34AB3-DF14-4CD7-AAC5-3DAC5A3DABE6}.Release|Win32.Deploy.0 = Release|Win32
		{F1D34AB3-DF14-4CD7-AAC5-3DAC5A3DABE6}.Release|x64.ActiveCfg = Release|x64
		{F1D34AB3-DF14-4CD7-AAC5-3DAC5A3DABE6}.Release|x64.Build.0 = Release|x64
		{F1D34AB3-DF14-4CD7-AAC5-3DAC5A3DABE6}.Release|x64.Deploy.0 = Release|x64
		{F1D34AB3-DF14-4CD7-AAC5-3DAC5A3DABE6}.Release|ARM64.ActiveCfg = Release|ARM64
		{F1D34AB3-DF14-4CD7-AAC5-3DAC5A3DABE6}.Release|ARM64.Build.0 = Release|ARM64
		{F1D34AB3-DF14-4CD7-AAC5-3DAC5A3DABE6}.Release|ARM64.Deploy.0 = Release|ARM64
		{50AE5A7E-AF3C-4BF4-8ECF-10F94B3C0B04}.Debug|Win32.ActiveCfg = Debug|Win32
		{50AE5A7E-AF3C-4BF4-8ECF-10F94B3C0B04}.Debug|Win32.Build.0 = Debug|Win32
		{50AE5A7E-AF3C-4BF4-8ECF-10F94B3C0B04}.Debug|Win32.Deploy.0 = Debug|Win32
		{50AE5A7E-AF3C-4BF4-8ECF-10F94B3C0B04}.Debug|x64.ActiveCfg = Debug|x64
		{50AE5A7E-AF3C-4BF4-8ECF-10F94B3C0B04}.Debug|x64.Build.0 = Debug|x64
		{50AE5A7E-AF3C-4BF4-8ECF-10F94B3C0B04}.Debug|x64.Deploy.0 = Debug|x64
		{50AE5A7E-AF3C-4BF4-8ECF-10F94B3C0B04}.Debug|ARM64.ActiveCfg = Debug|ARM64
		{50AE5A7E-AF3C-4BF4-8ECF-10F94B3C0B04}.Debug|ARM64.Build.0 = Debug|ARM64
		{50AE5A7E-AF3C-4BF4-8ECF-10F94B3C0B04}.Debug|ARM64.Deploy.0 = Debug|ARM64
		{50AE5A7E-AF3C-4BF4-8ECF-10F94B3C0B04}.Release|Win32.ActiveCfg = Release|Win32
		{50AE5A7E-AF3C-4BF4-8ECF-10F94B3C0B04}.Release|Win32.Build.0 = Release|Win32
		{50AE5A7E-AF3C-4BF4-8ECF-10F94B3C0B04}.Release|Win32.Deploy.0 = Release|Win32
		{50AE5A7E-AF3C-4BF4-8ECF-10F94B3C0B04}.Release|x64.ActiveCfg = Release|x64
		{50AE5A7E-AF3C-4BF4-8ECF-10F94B3C0B04}.Release|x64.Build.0 = Release|x64
		{50AE5A7E-AF3C-4BF4-8ECF-10F94B3C0B04}.Release|x64.Deploy.0 = Release|x64
		{50AE5A7E-AF3C-4BF4-8ECF-10F94B3C0B04}.Release|ARM64.ActiveCfg = Release|ARM64
		{50AE5A7E-AF3C-4BF4-8ECF-10F94B3C0B04}.Release|ARM64.Build.0 = Release|ARM64
		{50AE5A7E-AF3C-4BF4-8ECF-10F94B3C0B04}.Release|ARM64.Deploy.0 = Release|ARM64
		{FA7B8556-FD50-408C-8863-747F6DF309B2}.Debug|Win32.ActiveCfg = Debug|Win32
		{FA7B8556-FD50-408C-8863-747F6DF309B2}.Debug|Win32.Build.0 = Debug|Win32
		{FA7B8556-FD50-408C-8863-747F6DF309B2}.Debug|Win32.Deploy.0 = Debug|Win32
		{FA7B8556-FD50-408C-8863-747F6DF309B2}.Debug|x64.ActiveCfg = Debug|x64
		{FA7B8556-FD50-408C-8863-747F6DF309B2}.Debug|x64.Build.0 = Debug|x64
		{FA7B8556-FD50-408C-8863-747F6DF309B2}.Debug|x64.Deploy.0 = Debug|x64
		{FA7B8556-FD50-408C-8863-747F6DF309B2}.Debug|ARM64.ActiveCfg = Debug|ARM64
		{FA7B8556-FD50-408C-8863-747F6DF309B2}.Debug|ARM64.Build.0 = Debug|ARM64
		{FA7B8556-FD50-408C-8863-747F6DF309B2}.Debug|ARM64.Deploy.0 = Debug|ARM64
		{FA7B8556-FD50-408C-8863-747F6DF309B2}.Release|Win32.ActiveCfg = Release|Win32
		{FA7B8556-FD50-408C-8863-747F6DF309B2}.Release|Win32.Build.0 = Release|Win32
		{FA7B8556-FD50-408C-8863-747F6DF309B2}.Release|Win32.Deploy.0 = Release|Win32
		{FA7B8556-FD50-408C-8863-747F6DF309B2}.Release|x64.ActiveCfg = Release|x64
		{FA7B8556-FD50-408C-8863-747F6DF309B2}.Release|x64.Build.0 = Release|x64
		{FA7B8556-FD50-408C-8863-747F6DF309B2}.Release|x64.Deploy.0 = Release|x64
		{FA7B8556-FD50-408C-8863-747F6DF309B2}.Release|ARM64.ActiveCfg = Release|ARM64
		{FA7B8556-FD50-408C-8863-747F6DF309B2}.Release|ARM64.Build.0 = Release|ARM64
		{FA7B8556-FD50-408C-8863-747F6DF309B2}.Release|ARM64.Deploy.0 = Release|ARM64
		{A593D6E2-1402-4FD4-BF56-8AAF32F8ADDE}.Debug|Win32.ActiveCfg = Debug|Win32
		{A593D6E2-1402-4FD4-BF56-8AAF32F8ADDE}.Debug|Win32.Build.0 = Debug|Win32
		{A593D6E2-1402-4FD4-BF56-8AAF32F8ADDE}.Debug|Win32.Deploy.0 = Debug|Win32
		{A593D6E2-1402-4FD4-BF56-8AAF32F8ADDE}.Debug|x64.ActiveCfg = Debug|x64
		{A593D6E2-1402-4FD4-BF56-8AAF32F8ADDE}.Debug|x64.Build.0 = Debug|x64
		{A593D6E2-1402-4FD4-BF56-8AAF32F8ADDE}.Debug|x64.Deploy.0 = Debug|x64
		{A593D6E2-1402-4FD4-BF56-8AAF32F8ADDE}.Debug|ARM64.ActiveCfg = Debug|ARM64
		{A593D6E2-1402-4FD4-BF56-8AAF32F8ADDE}.Debug|ARM64.Build.0 = Debug|ARM64
		{A593D6E2-1402-4FD4-BF56-8AAF32F8ADDE}.Debug|ARM64.Deploy.0 = Debug|ARM64
		{A593D6E2-1402-4FD4-BF56-8AAF32F8ADDE}.Release|Win32.ActiveCfg = Release|Win32
		{A593D6E2-1402-4FD4-BF56-8AAF32F8ADDE}.Release|Win32.Build.0 = Release|Win32
		{A593D6E2-1402-4FD4-BF56-8AAF32F8ADDE}.Release|Win32.Deploy.0 = Release|Win32
		{A593D6E2-1402-4FD4-BF56-8AAF32F8ADDE}.Release|x64.ActiveCfg = Release|x64
		{A593D6E2-1402-4FD4-BF56-8AAF32F8ADDE}.Release|x64.Build.0 = Release|x64
		{A593D6E2-1402-4FD4-BF56-8AAF32F8ADDE}.Release|x64.Deploy.0 = Release|x64
		{A593D6E2-1402-4FD4-BF56-8AAF32F8ADDE}.Release|ARM64.ActiveCfg = Release|ARM64
		{A593D6E2-1402-4FD4-BF56-8AAF32F8ADDE}.Release|ARM64.Build.0 = Release|ARM64
		{A593D6E2-1402-4FD4-BF56-8AAF32F8ADDE}.Release|ARM64.Deploy.0 = Release|ARM64
		{25441643-41F1-48D9-8BFC-CFBB7D51B7AF}.Debug|Win32.ActiveCfg = Debug|Win32
		{25441643-41F1-48D9-8BFC-CFBB7D51B7AF}.Debug|Win32.Build.0 = Debug|Win32
		{25441643-41F1-48D9-8BFC-CFBB7D51B7AF}.Debug|Win32.Deploy.0 = Debug|Win32
		{25441643-41F1-48D9-8BFC-CFBB7D51B7AF}.Debug|x64.ActiveCfg = Debug|x64
		{25441643-41F1-48D9-8BFC-CFBB7D51B7AF}.Debug|x64.Build.0 = Debug|x64
		{25441643-41F1-48D9-8BFC-CFBB7D51B7AF}.Debug|x64.Deploy.0 = Debug|x64
		{25441643-41F1-48D9-8BFC-CFBB7D51B7AF}.Debug|ARM64.ActiveCfg = Debug|ARM64
		{25441643-41F1-48D9-8BFC-CFBB7D51B7AF}.Debug|ARM64.Build.0 = Debug|ARM64
		{25441643-41F1-48D9-8BFC-CFBB7D51B7AF}.Debug|ARM64.Deploy.0 = Debug|ARM64
		{25441643-41F1-48D9-8BFC-CFBB7D51B7AF}.Release|Win32.ActiveCfg = Release|Win32
		{25441643-41F1-48D9-8BFC-CFBB7D51B7AF}.Release|Win32.Build.0 = Release|Win32
		{25441643-41F1-48D9-8BFC-CFBB7D51B7AF}.Release|Win32.Deploy.0 = Release|Win32
		{25441643-41F1-48D9-8BFC-CFBB7D51B7AF}.Release|x64.ActiveCfg = Release|x64
		{25441643-41F1-48D9-8BFC-CFBB7D51B7AF}.Release|x64.Build.0 = Release|x64
		{25441643-41F1-48D9-8BFC-CFBB7D51B7AF}.Release|x64.Deploy.0 = Release|x64
		{25441643-41F1-48D9-8BFC-CFBB7D51B7AF}.Release|ARM64.ActiveCfg = Release|ARM64
		{25441643-41F1-48D9-8BFC-CFBB7D51B7AF}.Release|ARM64.Build.0 = Release|ARM64
		{25441643-41F1-48D9-8BFC-CFBB7D51B7AF}.Release|ARM64.Deploy.0 = Release|ARM64
	EndGlobalSection
	GlobalSection(SolutionProperties) = preSolution
		HideSolutionNode = FALSE
	EndGlobalSection
EndGlobal
