
Microsoft Visual Studio Solution File, Format Version 11.00
# Visual Studio Version 16
Project("{8BC9CEB8-8B4A-11D0-8D11-00A0C91BC942}") = "3d", "3d.vcxproj", "{1B8ACDD1-302D-401D-AB4D-13A75C49D6CF}"
EndProject
Project("{8BC9CEB8-8B4A-11D0-8D11-00A0C91BC942}") = "asyncio", "asyncio.vcxproj", "{015CBFCF-F684-4063-8EE5-476D86FD4F18}"
EndProject
Project("{8BC9CEB8-8B4A-11D0-8D11-00A0C91BC942}") = "channel_groups", "channel_groups.vcxproj", "{B4F400AD-6C15-4446-9AB4-F154416D1C62}"
EndProject
Project("{8BC9CEB8-8B4A-11D0-8D11-00A0C91BC942}") = "convolution_reverb", "convolution_reverb.vcxproj", "{11407C90-6147-4121-A5DA-D78BE07DB916}"
EndProject
Project("{8BC9CEB8-8B4A-11D0-8D11-00A0C91BC942}") = "dsp_custom", "dsp_custom.vcxproj", "{01DE4398-4BFC-4595-81D2-D4E087428687}"
EndProject
Project("{8BC9CEB8-8B4A-11D0-8D11-00A0C91BC942}") = "dsp_effect_per_speaker", "dsp_effect_per_speaker.vcxproj", "{C9B22B10-46BD-4E04-9882-4161A2BB6B0F}"
EndProject
Project("{8BC9CEB8-8B4A-11D0-8D11-00A0C91BC942}") = "dsp_inspector", "dsp_inspector.vcxproj", "{A5678749-84AE-417A-8F04-FF12CD049734}"
EndProject
Project("{8BC9CEB8-8B4A-11D0-8D11-00A0C91BC942}") = "effects", "effects.vcxproj", "{62BD4A89-5834-45ED-93A2-67300DD33135}"
EndProject
Project("{8BC9CEB8-8B4A-11D0-8D11-00A0C91BC942}") = "gapless_playback", "gapless_playback.vcxproj", "{EDF7E3A4-B3BC-45E2-ABD5-8C223C6C83E8}"
EndProject
Project("{8BC9CEB8-8B4A-11D0-8D11-00A0C91BC942}") = "generate_tone", "generate_tone.vcxproj", "{BFD0406F-FD37-425E-BB71-809A77AD9E90}"
EndProject
Project("{8BC9CEB8-8B4A-11D0-8D11-00A0C91BC942}") = "granular_synth", "granular_synth.vcxproj", "{81E912C6-F6F4-498D-9261-F7963499A1CB}"
EndProject
Project("{8BC9CEB8-8B4A-11D0-8D11-00A0C91BC942}") = "load_from_memory", "load_from_memory.vcxproj", "{F59A4074-7EB3-49C5-A23F-530D3C423DF6}"
EndProject
Project("{8BC9CEB8-8B4A-11D0-8D11-00A0C91BC942}") = "multiple_speaker", "multiple_speaker.vcxproj", "{FB6C26B3-08C9-4C1D-B917-BE0D0048962E}"
EndProject
Project("{8BC9CEB8-8B4A-11D0-8D11-00A0C91BC942}") = "multiple_system", "multiple_system.vcxproj", "{A5922D92-B275-4051-846A-088CDA95B4B7}"
EndProject
Project("{8BC9CEB8-8B4A-11D0-8D11-00A0C91BC942}") = "net_stream", "net_stream.vcxproj", "{5A79B541-10BB-4540-AC6B-DF0E7BFAB85E}"
EndProject
Project("{8BC9CEB8-8B4A-11D0-8D11-00A0C91BC942}") = "play_sound", "play_sound.vcxproj", "{082093AF-9D30-476A-A470-D91487CA5074}"
EndProject
Project("{8BC9CEB8-8B4A-11D0-8D11-00A0C91BC942}") = "play_stream", "play_stream.vcxproj", "{5AF1686A-FDD1-4985-A47B-A4EF300FC148}"
EndProject
Project("{8BC9CEB8-8B4A-11D0-8D11-00A0C91BC942}") = "record", "record.vcxproj", "{F386ECCF-D3BA-419B-AD34-52098E65971A}"
EndProject
Project("{8BC9CEB8-8B4A-11D0-8D11-00A0C91BC942}") = "record_enumeration", "record_enumeration.vcxproj", "{A03DF39E-2D14-4881-AA63-09F0A6FDA0EF}"
EndProject
Project("{8BC9CEB8-8B4A-11D0-8D11-00A0C91BC942}") = "user_created_sound", "user_created_sound.vcxproj", "{E4C0259C-1EE6-464F-A259-A93F853278AA}"
EndProject
Project("{8BC9CEB8-8B4A-11D0-8D11-00A0C91BC942}") = "fmod_codec_raw", "fmod_codec_raw.vcxproj", "{DD1366D9-7325-4260-A7CE-721C1F7188F7}"
EndProject
Project("{8BC9CEB8-8B4A-11D0-8D11-00A0C91BC942}") = "fmod_distance_filter", "fmod_distance_filter.vcxproj", "{3F9FDC1B-904A-4448-9A93-8DA3C0AC322F}"
EndProject
Project("{8BC9CEB8-8B4A-11D0-8D11-00A0C91BC942}") = "fmod_gain", "fmod_gain.vcxproj", "{120A3F87-A8AE-4B08-9284-884245CA930F}"
EndProject
Project("{8BC9CEB8-8B4A-11D0-8D11-00A0C91BC942}") = "fmod_noise", "fmod_noise.vcxproj", "{3F97ECD8-EC20-42A3-8A84-D7704937043C}"
EndProject
Project("{8BC9CEB8-8B4A-11D0-8D11-00A0C91BC942}") = "fmod_rnbo", "fmod_rnbo.vcxproj", "{FD206208-3ACC-4E97-AAFD-7E716E18B7E2}"
EndProject
Project("{8BC9CEB8-8B4A-11D0-8D11-00A0C91BC942}") = "output_mp3", "output_mp3.vcxproj", "{E837BFF6-B693-4C1A-8123-DFA66DD952F1}"
EndProject
Global
	GlobalSection(SolutionConfigurationPlatforms) = preSolution
		Debug|Win32 = Debug|Win32
		Debug|x64 = Debug|x64
		Debug|ARM64 = Debug|ARM64
		Release|Win32 = Release|Win32
		Release|x64 = Release|x64
		Release|ARM64 = Release|ARM64
	EndGlobalSection
	GlobalSection(ProjectConfigurationPlatforms) = postSolution
		{1B8ACDD1-302D-401D-AB4D-13A75C49D6CF}.Debug|Win32.ActiveCfg = Debug|Win32
		{1B8ACDD1-302D-401D-AB4D-13A75C49D6CF}.Debug|Win32.Build.0 = Debug|Win32
		{1B8ACDD1-302D-401D-AB4D-13A75C49D6CF}.Debug|Win32.Deploy.0 = Debug|Win32
		{1B8ACDD1-302D-401D-AB4D-13A75C49D6CF}.Debug|x64.ActiveCfg = Debug|x64
		{1B8ACDD1-302D-401D-AB4D-13A75C49D6CF}.Debug|x64.Build.0 = Debug|x64
		{1B8ACDD1-302D-401D-AB4D-13A75C49D6CF}.Debug|x64.Deploy.0 = Debug|x64
		{1B8ACDD1-302D-401D-AB4D-13A75C49D6CF}.Debug|ARM64.ActiveCfg = Debug|ARM64
		{1B8ACDD1-302D-401D-AB4D-13A75C49D6CF}.Debug|ARM64.Build.0 = Debug|ARM64
		{1B8ACDD1-302D-401D-AB4D-13A75C49D6CF}.Debug|ARM64.Deploy.0 = Debug|ARM64
		{1B8ACDD1-302D-401D-AB4D-13A75C49D6CF}.Release|Win32.ActiveCfg = Release|Win32
		{1B8ACDD1-302D-401D-AB4D-13A75C49D6CF}.Release|Win32.Build.0 = Release|Win32
		{1B8ACDD1-302D-401D-AB4D-13A75C49D6CF}.Release|Win32.Deploy.0 = Release|Win32
		{1B8ACDD1-302D-401D-AB4D-13A75C49D6CF}.Release|x64.ActiveCfg = Release|x64
		{1B8ACDD1-302D-401D-AB4D-13A75C49D6CF}.Release|x64.Build.0 = Release|x64
		{1B8ACDD1-302D-401D-AB4D-13A75C49D6CF}.Release|x64.Deploy.0 = Release|x64
		{1B8ACDD1-302D-401D-AB4D-13A75C49D6CF}.Release|ARM64.ActiveCfg = Release|ARM64
		{1B8ACDD1-302D-401D-AB4D-13A75C49D6CF}.Release|ARM64.Build.0 = Release|ARM64
		{1B8ACDD1-302D-401D-AB4D-13A75C49D6CF}.Release|ARM64.Deploy.0 = Release|ARM64
		{015CBFCF-F684-4063-8EE5-476D86FD4F18}.Debug|Win32.ActiveCfg = Debug|Win32
		{015CBFCF-F684-4063-8EE5-476D86FD4F18}.Debug|Win32.Build.0 = Debug|Win32
		{015CBFCF-F684-4063-8EE5-476D86FD4F18}.Debug|Win32.Deploy.0 = Debug|Win32
		{015CBFCF-F684-4063-8EE5-476D86FD4F18}.Debug|x64.ActiveCfg = Debug|x64
		{015CBFCF-F684-4063-8EE5-476D86FD4F18}.Debug|x64.Build.0 = Debug|x64
		{015CBFCF-F684-4063-8EE5-476D86FD4F18}.Debug|x64.Deploy.0 = Debug|x64
		{015CBFCF-F684-4063-8EE5-476D86FD4F18}.Debug|ARM64.ActiveCfg = Debug|ARM64
		{015CBFCF-F684-4063-8EE5-476D86FD4F18}.Debug|ARM64.Build.0 = Debug|ARM64
		{015CBFCF-F684-4063-8EE5-476D86FD4F18}.Debug|ARM64.Deploy.0 = Debug|ARM64
		{015CBFCF-F684-4063-8EE5-476D86FD4F18}.Release|Win32.ActiveCfg = Release|Win32
		{015CBFCF-F684-4063-8EE5-476D86FD4F18}.Release|Win32.Build.0 = Release|Win32
		{015CBFCF-F684-4063-8EE5-476D86FD4F18}.Release|Win32.Deploy.0 = Release|Win32
		{015CBFCF-F684-4063-8EE5-476D86FD4F18}.Release|x64.ActiveCfg = Release|x64
		{015CBFCF-F684-4063-8EE5-476D86FD4F18}.Release|x64.Build.0 = Release|x64
		{015CBFCF-F684-4063-8EE5-476D86FD4F18}.Release|x64.Deploy.0 = Release|x64
		{015CBFCF-F684-4063-8EE5-476D86FD4F18}.Release|ARM64.ActiveCfg = Release|ARM64
		{015CBFCF-F684-4063-8EE5-476D86FD4F18}.Release|ARM64.Build.0 = Release|ARM64
		{015CBFCF-F684-4063-8EE5-476D86FD4F18}.Release|ARM64.Deploy.0 = Release|ARM64
		{B4F400AD-6C15-4446-9AB4-F154416D1C62}.Debug|Win32.ActiveCfg = Debug|Win32
		{B4F400AD-6C15-4446-9AB4-F154416D1C62}.Debug|Win32.Build.0 = Debug|Win32
		{B4F400AD-6C15-4446-9AB4-F154416D1C62}.Debug|Win32.Deploy.0 = Debug|Win32
		{B4F400AD-6C15-4446-9AB4-F154416D1C62}.Debug|x64.ActiveCfg = Debug|x64
		{B4F400AD-6C15-4446-9AB4-F154416D1C62}.Debug|x64.Build.0 = Debug|x64
		{B4F400AD-6C15-4446-9AB4-F154416D1C62}.Debug|x64.Deploy.0 = Debug|x64
		{B4F400AD-6C15-4446-9AB4-F154416D1C62}.Debug|ARM64.ActiveCfg = Debug|ARM64
		{B4F400AD-6C15-4446-9AB4-F154416D1C62}.Debug|ARM64.Build.0 = Debug|ARM64
		{B4F400AD-6C15-4446-9AB4-F154416D1C62}.Debug|ARM64.Deploy.0 = Debug|ARM64
		{B4F400AD-6C15-4446-9AB4-F154416D1C62}.Release|Win32.ActiveCfg = Release|Win32
		{B4F400AD-6C15-4446-9AB4-F154416D1C62}.Release|Win32.Build.0 = Release|Win32
		{B4F400AD-6C15-4446-9AB4-F154416D1C62}.Release|Win32.Deploy.0 = Release|Win32
		{B4F400AD-6C15-4446-9AB4-F154416D1C62}.Release|x64.ActiveCfg = Release|x64
		{B4F400AD-6C15-4446-9AB4-F154416D1C62}.Release|x64.Build.0 = Release|x64
		{B4F400AD-6C15-4446-9AB4-F154416D1C62}.Release|x64.Deploy.0 = Release|x64
		{B4F400AD-6C15-4446-9AB4-F154416D1C62}.Release|ARM64.ActiveCfg = Release|ARM64
		{B4F400AD-6C15-4446-9AB4-F154416D1C62}.Release|ARM64.Build.0 = Release|ARM64
		{B4F400AD-6C15-4446-9AB4-F154416D1C62}.Release|ARM64.Deploy.0 = Release|ARM64
		{11407C90-6147-4121-A5DA-D78BE07DB916}.Debug|Win32.ActiveCfg = Debug|Win32
		{11407C90-6147-4121-A5DA-D78BE07DB916}.Debug|Win32.Build.0 = Debug|Win32
		{11407C90-6147-4121-A5DA-D78BE07DB916}.Debug|Win32.Deploy.0 = Debug|Win32
		{11407C90-6147-4121-A5DA-D78BE07DB916}.Debug|x64.ActiveCfg = Debug|x64
		{11407C90-6147-4121-A5DA-D78BE07DB916}.Debug|x64.Build.0 = Debug|x64
		{11407C90-6147-4121-A5DA-D78BE07DB916}.Debug|x64.Deploy.0 = Debug|x64
		{11407C90-6147-4121-A5DA-D78BE07DB916}.Debug|ARM64.ActiveCfg = Debug|ARM64
		{11407C90-6147-4121-A5DA-D78BE07DB916}.Debug|ARM64.Build.0 = Debug|ARM64
		{11407C90-6147-4121-A5DA-D78BE07DB916}.Debug|ARM64.Deploy.0 = Debug|ARM64
		{11407C90-6147-4121-A5DA-D78BE07DB916}.Release|Win32.ActiveCfg = Release|Win32
		{11407C90-6147-4121-A5DA-D78BE07DB916}.Release|Win32.Build.0 = Release|Win32
		{11407C90-6147-4121-A5DA-D78BE07DB916}.Release|Win32.Deploy.0 = Release|Win32
		{11407C90-6147-4121-A5DA-D78BE07DB916}.Release|x64.ActiveCfg = Release|x64
		{11407C90-6147-4121-A5DA-D78BE07DB916}.Release|x64.Build.0 = Release|x64
		{11407C90-6147-4121-A5DA-D78BE07DB916}.Release|x64.Deploy.0 = Release|x64
		{11407C90-6147-4121-A5DA-D78BE07DB916}.Release|ARM64.ActiveCfg = Release|ARM64
		{11407C90-6147-4121-A5DA-D78BE07DB916}.Release|ARM64.Build.0 = Release|ARM64
		{11407C90-6147-4121-A5DA-D78BE07DB916}.Release|ARM64.Deploy.0 = Release|ARM64
		{01DE4398-4BFC-4595-81D2-D4E087428687}.Debug|Win32.ActiveCfg = Debug|Win32
		{01DE4398-4BFC-4595-81D2-D4E087428687}.Debug|Win32.Build.0 = Debug|Win32
		{01DE4398-4BFC-4595-81D2-D4E087428687}.Debug|Win32.Deploy.0 = Debug|Win32
		{01DE4398-4BFC-4595-81D2-D4E087428687}.Debug|x64.ActiveCfg = Debug|x64
		{01DE4398-4BFC-4595-81D2-D4E087428687}.Debug|x64.Build.0 = Debug|x64
		{01DE4398-4BFC-4595-81D2-D4E087428687}.Debug|x64.Deploy.0 = Debug|x64
		{01DE4398-4BFC-4595-81D2-D4E087428687}.Debug|ARM64.ActiveCfg = Debug|ARM64
		{01DE4398-4BFC-4595-81D2-D4E087428687}.Debug|ARM64.Build.0 = Debug|ARM64
		{01DE4398-4BFC-4595-81D2-D4E087428687}.Debug|ARM64.Deploy.0 = Debug|ARM64
		{01DE4398-4BFC-4595-81D2-D4E087428687}.Release|Win32.ActiveCfg = Release|Win32
		{01DE4398-4BFC-4595-81D2-D4E087428687}.Release|Win32.Build.0 = Release|Win32
		{01DE4398-4BFC-4595-81D2-D4E087428687}.Release|Win32.Deploy.0 = Release|Win32
		{01DE4398-4BFC-4595-81D2-D4E087428687}.Release|x64.ActiveCfg = Release|x64
		{01DE4398-4BFC-4595-81D2-D4E087428687}.Release|x64.Build.0 = Release|x64
		{01DE4398-4BFC-4595-81D2-D4E087428687}.Release|x64.Deploy.0 = Release|x64
		{01DE4398-4BFC-4595-81D2-D4E087428687}.Release|ARM64.ActiveCfg = Release|ARM64
		{01DE4398-4BFC-4595-81D2-D4E087428687}.Release|ARM64.Build.0 = Release|ARM64
		{01DE4398-4BFC-4595-81D2-D4E087428687}.Release|ARM64.Deploy.0 = Release|ARM64
		{C9B22B10-46BD-4E04-9882-4161A2BB6B0F}.Debug|Win32.ActiveCfg = Debug|Win32
		{C9B22B10-46BD-4E04-9882-4161A2BB6B0F}.Debug|Win32.Build.0 = Debug|Win32
		{C9B22B10-46BD-4E04-9882-4161A2BB6B0F}.Debug|Win32.Deploy.0 = Debug|Win32
		{C9B22B10-46BD-4E04-9882-4161A2BB6B0F}.Debug|x64.ActiveCfg = Debug|x64
		{C9B22B10-46BD-4E04-9882-4161A2BB6B0F}.Debug|x64.Build.0 = Debug|x64
		{C9B22B10-46BD-4E04-9882-4161A2BB6B0F}.Debug|x64.Deploy.0 = Debug|x64
		{C9B22B10-46BD-4E04-9882-4161A2BB6B0F}.Debug|ARM64.ActiveCfg = Debug|ARM64
		{C9B22B10-46BD-4E04-9882-4161A2BB6B0F}.Debug|ARM64.Build.0 = Debug|ARM64
		{C9B22B10-46BD-4E04-9882-4161A2BB6B0F}.Debug|ARM64.Deploy.0 = Debug|ARM64
		{C9B22B10-46BD-4E04-9882-4161A2BB6B0F}.Release|Win32.ActiveCfg = Release|Win32
		{C9B22B10-46BD-4E04-9882-4161A2BB6B0F}.Release|Win32.Build.0 = Release|Win32
		{C9B22B10-46BD-4E04-9882-4161A2BB6B0F}.Release|Win32.Deploy.0 = Release|Win32
		{C9B22B10-46BD-4E04-9882-4161A2BB6B0F}.Release|x64.ActiveCfg = Release|x64
		{C9B22B10-46BD-4E04-9882-4161A2BB6B0F}.Release|x64.Build.0 = Release|x64
		{C9B22B10-46BD-4E04-9882-4161A2BB6B0F}.Release|x64.Deploy.0 = Release|x64
		{C9B22B10-46BD-4E04-9882-4161A2BB6B0F}.Release|ARM64.ActiveCfg = Release|ARM64
		{C9B22B10-46BD-4E04-9882-4161A2BB6B0F}.Release|ARM64.Build.0 = Release|ARM64
		{C9B22B10-46BD-4E04-9882-4161A2BB6B0F}.Release|ARM64.Deploy.0 = Release|ARM64
		{A5678749-84AE-417A-8F04-FF12CD049734}.Debug|Win32.ActiveCfg = Debug|Win32
		{A5678749-84AE-417A-8F04-FF12CD049734}.Debug|Win32.Build.0 = Debug|Win32
		{A5678749-84AE-417A-8F04-FF12CD049734}.Debug|Win32.Deploy.0 = Debug|Win32
		{A5678749-84AE-417A-8F04-FF12CD049734}.Debug|x64.ActiveCfg = Debug|x64
		{A5678749-84AE-417A-8F04-FF12CD049734}.Debug|x64.Build.0 = Debug|x64
		{A5678749-84AE-417A-8F04-FF12CD049734}.Debug|x64.Deploy.0 = Debug|x64
		{A5678749-84AE-417A-8F04-FF12CD049734}.Debug|ARM64.ActiveCfg = Debug|ARM64
		{A5678749-84AE-417A-8F04-FF12CD049734}.Debug|ARM64.Build.0 = Debug|ARM64
		{A5678749-84AE-417A-8F04-FF12CD049734}.Debug|ARM64.Deploy.0 = Debug|ARM64
		{A5678749-84AE-417A-8F04-FF12CD049734}.Release|Win32.ActiveCfg = Release|Win32
		{A5678749-84AE-417A-8F04-FF12CD049734}.Release|Win32.Build.0 = Release|Win32
		{A5678749-84AE-417A-8F04-FF12CD049734}.Release|Win32.Deploy.0 = Release|Win32
		{A5678749-84AE-417A-8F04-FF12CD049734}.Release|x64.ActiveCfg = Release|x64
		{A5678749-84AE-417A-8F04-FF12CD049734}.Release|x64.Build.0 = Release|x64
		{A5678749-84AE-417A-8F04-FF12CD049734}.Release|x64.Deploy.0 = Release|x64
		{A5678749-84AE-417A-8F04-FF12CD049734}.Release|ARM64.ActiveCfg = Release|ARM64
		{A5678749-84AE-417A-8F04-FF12CD049734}.Release|ARM64.Build.0 = Release|ARM64
		{A5678749-84AE-417A-8F04-FF12CD049734}.Release|ARM64.Deploy.0 = Release|ARM64
		{62BD4A89-5834-45ED-93A2-67300DD33135}.Debug|Win32.ActiveCfg = Debug|Win32
		{62BD4A89-5834-45ED-93A2-67300DD33135}.Debug|Win32.Build.0 = Debug|Win32
		{62BD4A89-5834-45ED-93A2-67300DD33135}.Debug|Win32.Deploy.0 = Debug|Win32
		{62BD4A89-5834-45ED-93A2-67300DD33135}.Debug|x64.ActiveCfg = Debug|x64
		{62BD4A89-5834-45ED-93A2-67300DD33135}.Debug|x64.Build.0 = Debug|x64
		{62BD4A89-5834-45ED-93A2-67300DD33135}.Debug|x64.Deploy.0 = Debug|x64
		{62BD4A89-5834-45ED-93A2-67300DD33135}.Debug|ARM64.ActiveCfg = Debug|ARM64
		{62BD4A89-5834-45ED-93A2-67300DD33135}.Debug|ARM64.Build.0 = Debug|ARM64
		{62BD4A89-5834-45ED-93A2-67300DD33135}.Debug|ARM64.Deploy.0 = Debug|ARM64
		{62BD4A89-5834-45ED-93A2-67300DD33135}.Release|Win32.ActiveCfg = Release|Win32
		{62BD4A89-5834-45ED-93A2-67300DD33135}.Release|Win32.Build.0 = Release|Win32
		{62BD4A89-5834-45ED-93A2-67300DD33135}.Release|Win32.Deploy.0 = Release|Win32
		{62BD4A89-5834-45ED-93A2-67300DD33135}.Release|x64.ActiveCfg = Release|x64
		{62BD4A89-5834-45ED-93A2-67300DD33135}.Release|x64.Build.0 = Release|x64
		{62BD4A89-5834-45ED-93A2-67300DD33135}.Release|x64.Deploy.0 = Release|x64
		{62BD4A89-5834-45ED-93A2-67300DD33135}.Release|ARM64.ActiveCfg = Release|ARM64
		{62BD4A89-5834-45ED-93A2-67300DD33135}.Release|ARM64.Build.0 = Release|ARM64
		{62BD4A89-5834-45ED-93A2-67300DD33135}.Release|ARM64.Deploy.0 = Release|ARM64
		{EDF7E3A4-B3BC-45E2-ABD5-8C223C6C83E8}.Debug|Win32.ActiveCfg = Debug|Win32
		{EDF7E3A4-B3BC-45E2-ABD5-8C223C6C83E8}.Debug|Win32.Build.0 = Debug|Win32
		{EDF7E3A4-B3BC-45E2-ABD5-8C223C6C83E8}.Debug|Win32.Deploy.0 = Debug|Win32
		{EDF7E3A4-B3BC-45E2-ABD5-8C223C6C83E8}.Debug|x64.ActiveCfg = Debug|x64
		{EDF7E3A4-B3BC-45E2-ABD5-8C223C6C83E8}.Debug|x64.Build.0 = Debug|x64
		{EDF7E3A4-B3BC-45E2-ABD5-8C223C6C83E8}.Debug|x64.Deploy.0 = Debug|x64
		{EDF7E3A4-B3BC-45E2-ABD5-8C223C6C83E8}.Debug|ARM64.ActiveCfg = Debug|ARM64
		{EDF7E3A4-B3BC-45E2-ABD5-8C223C6C83E8}.Debug|ARM64.Build.0 = Debug|ARM64
		{EDF7E3A4-B3BC-45E2-ABD5-8C223C6C83E8}.Debug|ARM64.Deploy.0 = Debug|ARM64
		{EDF7E3A4-B3BC-45E2-ABD5-8C223C6C83E8}.Release|Win32.ActiveCfg = Release|Win32
		{EDF7E3A4-B3BC-45E2-ABD5-8C223C6C83E8}.Release|Win32.Build.0 = Release|Win32
		{EDF7E3A4-B3BC-45E2-ABD5-8C223C6C83E8}.Release|Win32.Deploy.0 = Release|Win32
		{EDF7E3A4-B3BC-45E2-ABD5-8C223C6C83E8}.Release|x64.ActiveCfg = Release|x64
		{EDF7E3A4-B3BC-45E2-ABD5-8C223C6C83E8}.Release|x64.Build.0 = Release|x64
		{EDF7E3A4-B3BC-45E2-ABD5-8C223C6C83E8}.Release|x64.Deploy.0 = Release|x64
		{EDF7E3A4-B3BC-45E2-ABD5-8C223C6C83E8}.Release|ARM64.ActiveCfg = Release|ARM64
		{EDF7E3A4-B3BC-45E2-ABD5-8C223C6C83E8}.Release|ARM64.Build.0 = Release|ARM64
		{EDF7E3A4-B3BC-45E2-ABD5-8C223C6C83E8}.Release|ARM64.Deploy.0 = Release|ARM64
		{BFD0406F-FD37-425E-BB71-809A77AD9E90}.Debug|Win32.ActiveCfg = Debug|Win32
		{BFD0406F-FD37-425E-BB71-809A77AD9E90}.Debug|Win32.Build.0 = Debug|Win32
		{BFD0406F-FD37-425E-BB71-809A77AD9E90}.Debug|Win32.Deploy.0 = Debug|Win32
		{BFD0406F-FD37-425E-BB71-809A77AD9E90}.Debug|x64.ActiveCfg = Debug|x64
		{BFD0406F-FD37-425E-BB71-809A77AD9E90}.Debug|x64.Build.0 = Debug|x64
		{BFD0406F-FD37-425E-BB71-809A77AD9E90}.Debug|x64.Deploy.0 = Debug|x64
		{BFD0406F-FD37-425E-BB71-809A77AD9E90}.Debug|ARM64.ActiveCfg = Debug|ARM64
		{BFD0406F-FD37-425E-BB71-809A77AD9E90}.Debug|ARM64.Build.0 = Debug|ARM64
		{BFD0406F-FD37-425E-BB71-809A77AD9E90}.Debug|ARM64.Deploy.0 = Debug|ARM64
		{BFD0406F-FD37-425E-BB71-809A77AD9E90}.Release|Win32.ActiveCfg = Release|Win32
		{BFD0406F-FD37-425E-BB71-809A77AD9E90}.Release|Win32.Build.0 = Release|Win32
		{BFD0406F-FD37-425E-BB71-809A77AD9E90}.Release|Win32.Deploy.0 = Release|Win32
		{BFD0406F-FD37-425E-BB71-809A77AD9E90}.Release|x64.ActiveCfg = Release|x64
		{BFD0406F-FD37-425E-BB71-809A77AD9E90}.Release|x64.Build.0 = Release|x64
		{BFD0406F-FD37-425E-BB71-809A77AD9E90}.Release|x64.Deploy.0 = Release|x64
		{BFD0406F-FD37-425E-BB71-809A77AD9E90}.Release|ARM64.ActiveCfg = Release|ARM64
		{BFD0406F-FD37-425E-BB71-809A77AD9E90}.Release|ARM64.Build.0 = Release|ARM64
		{BFD0406F-FD37-425E-BB71-809A77AD9E90}.Release|ARM64.Deploy.0 = Release|ARM64
		{81E912C6-F6F4-498D-9261-F7963499A1CB}.Debug|Win32.ActiveCfg = Debug|Win32
		{81E912C6-F6F4-498D-9261-F7963499A1CB}.Debug|Win32.Build.0 = Debug|Win32
		{81E912C6-F6F4-498D-9261-F7963499A1CB}.Debug|Win32.Deploy.0 = Debug|Win32
		{81E912C6-F6F4-498D-9261-F7963499A1CB}.Debug|x64.ActiveCfg = Debug|x64
		{81E912C6-F6F4-498D-9261-F7963499A1CB}.Debug|x64.Build.0 = Debug|x64
		{81E912C6-F6F4-498D-9261-F7963499A1CB}.Debug|x64.Deploy.0 = Debug|x64
		{81E912C6-F6F4-498D-9261-F7963499A1CB}.Debug|ARM64.ActiveCfg = Debug|ARM64
		{81E912C6-F6F4-498D-9261-F7963499A1CB}.Debug|ARM64.Build.0 = Debug|ARM64
		{81E912C6-F6F4-498D-9261-F7963499A1CB}.Debug|ARM64.Deploy.0 = Debug|ARM64
		{81E912C6-F6F4-498D-9261-F7963499A1CB}.Release|Win32.ActiveCfg = Release|Win32
		{81E912C6-F6F4-498D-9261-F7963499A1CB}.Release|Win32.Build.0 = Release|Win32
		{81E912C6-F6F4-498D-9261-F7963499A1CB}.Release|Win32.Deploy.0 = Release|Win32
		{81E912C6-F6F4-498D-9261-F7963499A1CB}.Release|x64.ActiveCfg = Release|x64
		{81E912C6-F6F4-498D-9261-F7963499A1CB}.Release|x64.Build.0 = Release|x64
		{81E912C6-F6F4-498D-9261-F7963499A1CB}.Release|x64.Deploy.0 = Release|x64
		{81E912C6-F6F4-498D-9261-F7963499A1CB}.Release|ARM64.ActiveCfg = Release|ARM64
		{81E912C6-F6F4-498D-9261-F7963499A1CB}.Release|ARM64.Build.0 = Release|ARM64
		{81E912C6-F6F4-498D-9261-F7963499A1CB}.Release|ARM64.Deploy.0 = Release|ARM64
		{F59A4074-7EB3-49C5-A23F-530D3C423DF6}.Debug|Win32.ActiveCfg = Debug|Win32
		{F59A4074-7EB3-49C5-A23F-530D3C423DF6}.Debug|Win32.Build.0 = Debug|Win32
		{F59A4074-7EB3-49C5-A23F-530D3C423DF6}.Debug|Win32.Deploy.0 = Debug|Win32
		{F59A4074-7EB3-49C5-A23F-530D3C423DF6}.Debug|x64.ActiveCfg = Debug|x64
		{F59A4074-7EB3-49C5-A23F-530D3C423DF6}.Debug|x64.Build.0 = Debug|x64
		{F59A4074-7EB3-49C5-A23F-530D3C423DF6}.Debug|x64.Deploy.0 = Debug|x64
		{F59A4074-7EB3-49C5-A23F-530D3C423DF6}.Debug|ARM64.ActiveCfg = Debug|ARM64
		{F59A4074-7EB3-49C5-A23F-530D3C423DF6}.Debug|ARM64.Build.0 = Debug|ARM64
		{F59A4074-7EB3-49C5-A23F-530D3C423DF6}.Debug|ARM64.Deploy.0 = Debug|ARM64
		{F59A4074-7EB3-49C5-A23F-530D3C423DF6}.Release|Win32.ActiveCfg = Release|Win32
		{F59A4074-7EB3-49C5-A23F-530D3C423DF6}.Release|Win32.Build.0 = Release|Win32
		{F59A4074-7EB3-49C5-A23F-530D3C423DF6}.Release|Win32.Deploy.0 = Release|Win32
		{F59A4074-7EB3-49C5-A23F-530D3C423DF6}.Release|x64.ActiveCfg = Release|x64
		{F59A4074-7EB3-49C5-A23F-530D3C423DF6}.Release|x64.Build.0 = Release|x64
		{F59A4074-7EB3-49C5-A23F-530D3C423DF6}.Release|x64.Deploy.0 = Release|x64
		{F59A4074-7EB3-49C5-A23F-530D3C423DF6}.Release|ARM64.ActiveCfg = Release|ARM64
		{F59A4074-7EB3-49C5-A23F-530D3C423DF6}.Release|ARM64.Build.0 = Release|ARM64
		{F59A4074-7EB3-49C5-A23F-530D3C423DF6}.Release|ARM64.Deploy.0 = Release|ARM64
		{FB6C26B3-08C9-4C1D-B917-BE0D0048962E}.Debug|Win32.ActiveCfg = Debug|Win32
		{FB6C26B3-08C9-4C1D-B917-BE0D0048962E}.Debug|Win32.Build.0 = Debug|Win32
		{FB6C26B3-08C9-4C1D-B917-BE0D0048962E}.Debug|Win32.Deploy.0 = Debug|Win32
		{FB6C26B3-08C9-4C1D-B917-BE0D0048962E}.Debug|x64.ActiveCfg = Debug|x64
		{FB6C26B3-08C9-4C1D-B917-BE0D0048962E}.Debug|x64.Build.0 = Debug|x64
		{FB6C26B3-08C9-4C1D-B917-BE0D0048962E}.Debug|x64.Deploy.0 = Debug|x64
		{FB6C26B3-08C9-4C1D-B917-BE0D0048962E}.Debug|ARM64.ActiveCfg = Debug|ARM64
		{FB6C26B3-08C9-4C1D-B917-BE0D0048962E}.Debug|ARM64.Build.0 = Debug|ARM64
		{FB6C26B3-08C9-4C1D-B917-BE0D0048962E}.Debug|ARM64.Deploy.0 = Debug|ARM64
		{FB6C26B3-08C9-4C1D-B917-BE0D0048962E}.Release|Win32.ActiveCfg = Release|Win32
		{FB6C26B3-08C9-4C1D-B917-BE0D0048962E}.Release|Win32.Build.0 = Release|Win32
		{FB6C26B3-08C9-4C1D-B917-BE0D0048962E}.Release|Win32.Deploy.0 = Release|Win32
		{FB6C26B3-08C9-4C1D-B917-BE0D0048962E}.Release|x64.ActiveCfg = Release|x64
		{FB6C26B3-08C9-4C1D-B917-BE0D0048962E}.Release|x64.Build.0 = Release|x64
		{FB6C26B3-08C9-4C1D-B917-BE0D0048962E}.Release|x64.Deploy.0 = Release|x64
		{FB6C26B3-08C9-4C1D-B917-BE0D0048962E}.Release|ARM64.ActiveCfg = Release|ARM64
		{FB6C26B3-08C9-4C1D-B917-BE0D0048962E}.Release|ARM64.Build.0 = Release|ARM64
		{FB6C26B3-08C9-4C1D-B917-BE0D0048962E}.Release|ARM64.Deploy.0 = Release|ARM64
		{A5922D92-B275-4051-846A-088CDA95B4B7}.Debug|Win32.ActiveCfg = Debug|Win32
		{A5922D92-B275-4051-846A-088CDA95B4B7}.Debug|Win32.Build.0 = Debug|Win32
		{A5922D92-B275-4051-846A-088CDA95B4B7}.Debug|Win32.Deploy.0 = Debug|Win32
		{A5922D92-B275-4051-846A-088CDA95B4B7}.Debug|x64.ActiveCfg = Debug|x64
		{A5922D92-B275-4051-846A-088CDA95B4B7}.Debug|x64.Build.0 = Debug|x64
		{A5922D92-B275-4051-846A-088CDA95B4B7}.Debug|x64.Deploy.0 = Debug|x64
		{A5922D92-B275-4051-846A-088CDA95B4B7}.Debug|ARM64.ActiveCfg = Debug|ARM64
		{A5922D92-B275-4051-846A-088CDA95B4B7}.Debug|ARM64.Build.0 = Debug|ARM64
		{A5922D92-B275-4051-846A-088CDA95B4B7}.Debug|ARM64.Deploy.0 = Debug|ARM64
		{A5922D92-B275-4051-846A-088CDA95B4B7}.Release|Win32.ActiveCfg = Release|Win32
		{A5922D92-B275-4051-846A-088CDA95B4B7}.Release|Win32.Build.0 = Release|Win32
		{A5922D92-B275-4051-846A-088CDA95B4B7}.Release|Win32.Deploy.0 = Release|Win32
		{A5922D92-B275-4051-846A-088CDA95B4B7}.Release|x64.ActiveCfg = Release|x64
		{A5922D92-B275-4051-846A-088CDA95B4B7}.Release|x64.Build.0 = Release|x64
		{A5922D92-B275-4051-846A-088CDA95B4B7}.Release|x64.Deploy.0 = Release|x64
		{A5922D92-B275-4051-846A-088CDA95B4B7}.Release|ARM64.ActiveCfg = Release|ARM64
		{A5922D92-B275-4051-846A-088CDA95B4B7}.Release|ARM64.Build.0 = Release|ARM64
		{A5922D92-B275-4051-846A-088CDA95B4B7}.Release|ARM64.Deploy.0 = Release|ARM64
		{5A79B541-10BB-4540-AC6B-DF0E7BFAB85E}.Debug|Win32.ActiveCfg = Debug|Win32
		{5A79B541-10BB-4540-AC6B-DF0E7BFAB85E}.Debug|Win32.Build.0 = Debug|Win32
		{5A79B541-10BB-4540-AC6B-DF0E7BFAB85E}.Debug|Win32.Deploy.0 = Debug|Win32
		{5A79B541-10BB-4540-AC6B-DF0E7BFAB85E}.Debug|x64.ActiveCfg = Debug|x64
		{5A79B541-10BB-4540-AC6B-DF0E7BFAB85E}.Debug|x64.Build.0 = Debug|x64
		{5A79B541-10BB-4540-AC6B-DF0E7BFAB85E}.Debug|x64.Deploy.0 = Debug|x64
		{5A79B541-10BB-4540-AC6B-DF0E7BFAB85E}.Debug|ARM64.ActiveCfg = Debug|ARM64
		{5A79B541-10BB-4540-AC6B-DF0E7BFAB85E}.Debug|ARM64.Build.0 = Debug|ARM64
		{5A79B541-10BB-4540-AC6B-DF0E7BFAB85E}.Debug|ARM64.Deploy.0 = Debug|ARM64
		{5A79B541-10BB-4540-AC6B-DF0E7BFAB85E}.Release|Win32.ActiveCfg = Release|Win32
		{5A79B541-10BB-4540-AC6B-DF0E7BFAB85E}.Release|Win32.Build.0 = Release|Win32
		{5A79B541-10BB-4540-AC6B-DF0E7BFAB85E}.Release|Win32.Deploy.0 = Release|Win32
		{5A79B541-10BB-4540-AC6B-DF0E7BFAB85E}.Release|x64.ActiveCfg = Release|x64
		{5A79B541-10BB-4540-AC6B-DF0E7BFAB85E}.Release|x64.Build.0 = Release|x64
		{5A79B541-10BB-4540-AC6B-DF0E7BFAB85E}.Release|x64.Deploy.0 = Release|x64
		{5A79B541-10BB-4540-AC6B-DF0E7BFAB85E}.Release|ARM64.ActiveCfg = Release|ARM64
		{5A79B541-10BB-4540-AC6B-DF0E7BFAB85E}.Release|ARM64.Build.0 = Release|ARM64
		{5A79B541-10BB-4540-AC6B-DF0E7BFAB85E}.Release|ARM64.Deploy.0 = Release|ARM64
		{082093AF-9D30-476A-A470-D91487CA5074}.Debug|Win32.ActiveCfg = Debug|Win32
		{082093AF-9D30-476A-A470-D91487CA5074}.Debug|Win32.Build.0 = Debug|Win32
		{082093AF-9D30-476A-A470-D91487CA5074}.Debug|Win32.Deploy.0 = Debug|Win32
		{082093AF-9D30-476A-A470-D91487CA5074}.Debug|x64.ActiveCfg = Debug|x64
		{082093AF-9D30-476A-A470-D91487CA5074}.Debug|x64.Build.0 = Debug|x64
		{082093AF-9D30-476A-A470-D91487CA5074}.Debug|x64.Deploy.0 = Debug|x64
		{082093AF-9D30-476A-A470-D91487CA5074}.Debug|ARM64.ActiveCfg = Debug|ARM64
		{082093AF-9D30-476A-A470-D91487CA5074}.Debug|ARM64.Build.0 = Debug|ARM64
		{082093AF-9D30-476A-A470-D91487CA5074}.Debug|ARM64.Deploy.0 = Debug|ARM64
		{082093AF-9D30-476A-A470-D91487CA5074}.Release|Win32.ActiveCfg = Release|Win32
		{082093AF-9D30-476A-A470-D91487CA5074}.Release|Win32.Build.0 = Release|Win32
		{082093AF-9D30-476A-A470-D91487CA5074}.Release|Win32.Deploy.0 = Release|Win32
		{082093AF-9D30-476A-A470-D91487CA5074}.Release|x64.ActiveCfg = Release|x64
		{082093AF-9D30-476A-A470-D91487CA5074}.Release|x64.Build.0 = Release|x64
		{082093AF-9D30-476A-A470-D91487CA5074}.Release|x64.Deploy.0 = Release|x64
		{082093AF-9D30-476A-A470-D91487CA5074}.Release|ARM64.ActiveCfg = Release|ARM64
		{082093AF-9D30-476A-A470-D91487CA5074}.Release|ARM64.Build.0 = Release|ARM64
		{082093AF-9D30-476A-A470-D91487CA5074}.Release|ARM64.Deploy.0 = Release|ARM64
		{5AF1686A-FDD1-4985-A47B-A4EF300FC148}.Debug|Win32.ActiveCfg = Debug|Win32
		{5AF1686A-FDD1-4985-A47B-A4EF300FC148}.Debug|Win32.Build.0 = Debug|Win32
		{5AF1686A-FDD1-4985-A47B-A4EF300FC148}.Debug|Win32.Deploy.0 = Debug|Win32
		{5AF1686A-FDD1-4985-A47B-A4EF300FC148}.Debug|x64.ActiveCfg = Debug|x64
		{5AF1686A-FDD1-4985-A47B-A4EF300FC148}.Debug|x64.Build.0 = Debug|x64
		{5AF1686A-FDD1-4985-A47B-A4EF300FC148}.Debug|x64.Deploy.0 = Debug|x64
		{5AF1686A-FDD1-4985-A47B-A4EF300FC148}.Debug|ARM64.ActiveCfg = Debug|ARM64
		{5AF1686A-FDD1-4985-A47B-A4EF300FC148}.Debug|ARM64.Build.0 = Debug|ARM64
		{5AF1686A-FDD1-4985-A47B-A4EF300FC148}.Debug|ARM64.Deploy.0 = Debug|ARM64
		{5AF1686A-FDD1-4985-A47B-A4EF300FC148}.Release|Win32.ActiveCfg = Release|Win32
		{5AF1686A-FDD1-4985-A47B-A4EF300FC148}.Release|Win32.Build.0 = Release|Win32
		{5AF1686A-FDD1-4985-A47B-A4EF300FC148}.Release|Win32.Deploy.0 = Release|Win32
		{5AF1686A-FDD1-4985-A47B-A4EF300FC148}.Release|x64.ActiveCfg = Release|x64
		{5AF1686A-FDD1-4985-A47B-A4EF300FC148}.Release|x64.Build.0 = Release|x64
		{5AF1686A-FDD1-4985-A47B-A4EF300FC148}.Release|x64.Deploy.0 = Release|x64
		{5AF1686A-FDD1-4985-A47B-A4EF300FC148}.Release|ARM64.ActiveCfg = Release|ARM64
		{5AF1686A-FDD1-4985-A47B-A4EF300FC148}.Release|ARM64.Build.0 = Release|ARM64
		{5AF1686A-FDD1-4985-A47B-A4EF300FC148}.Release|ARM64.Deploy.0 = Release|ARM64
		{F386ECCF-D3BA-419B-AD34-52098E65971A}.Debug|Win32.ActiveCfg = Debug|Win32
		{F386ECCF-D3BA-419B-AD34-52098E65971A}.Debug|Win32.Build.0 = Debug|Win32
		{F386ECCF-D3BA-419B-AD34-52098E65971A}.Debug|Win32.Deploy.0 = Debug|Win32
		{F386ECCF-D3BA-419B-AD34-52098E65971A}.Debug|x64.ActiveCfg = Debug|x64
		{F386ECCF-D3BA-419B-AD34-52098E65971A}.Debug|x64.Build.0 = Debug|x64
		{F386ECCF-D3BA-419B-AD34-52098E65971A}.Debug|x64.Deploy.0 = Debug|x64
		{F386ECCF-D3BA-419B-AD34-52098E65971A}.Debug|ARM64.ActiveCfg = Debug|ARM64
		{F386ECCF-D3BA-419B-AD34-52098E65971A}.Debug|ARM64.Build.0 = Debug|ARM64
		{F386ECCF-D3BA-419B-AD34-52098E65971A}.Debug|ARM64.Deploy.0 = Debug|ARM64
		{F386ECCF-D3BA-419B-AD34-52098E65971A}.Release|Win32.ActiveCfg = Release|Win32
		{F386ECCF-D3BA-419B-AD34-52098E65971A}.Release|Win32.Build.0 = Release|Win32
		{F386ECCF-D3BA-419B-AD34-52098E65971A}.Release|Win32.Deploy.0 = Release|Win32
		{F386ECCF-D3BA-419B-AD34-52098E65971A}.Release|x64.ActiveCfg = Release|x64
		{F386ECCF-D3BA-419B-AD34-52098E65971A}.Release|x64.Build.0 = Release|x64
		{F386ECCF-D3BA-419B-AD34-52098E65971A}.Release|x64.Deploy.0 = Release|x64
		{F386ECCF-D3BA-419B-AD34-52098E65971A}.Release|ARM64.ActiveCfg = Release|ARM64
		{F386ECCF-D3BA-419B-AD34-52098E65971A}.Release|ARM64.Build.0 = Release|ARM64
		{F386ECCF-D3BA-419B-AD34-52098E65971A}.Release|ARM64.Deploy.0 = Release|ARM64
		{A03DF39E-2D14-4881-AA63-09F0A6FDA0EF}.Debug|Win32.ActiveCfg = Debug|Win32
		{A03DF39E-2D14-4881-AA63-09F0A6FDA0EF}.Debug|Win32.Build.0 = Debug|Win32
		{A03DF39E-2D14-4881-AA63-09F0A6FDA0EF}.Debug|Win32.Deploy.0 = Debug|Win32
		{A03DF39E-2D14-4881-AA63-09F0A6FDA0EF}.Debug|x64.ActiveCfg = Debug|x64
		{A03DF39E-2D14-4881-AA63-09F0A6FDA0EF}.Debug|x64.Build.0 = Debug|x64
		{A03DF39E-2D14-4881-AA63-09F0A6FDA0EF}.Debug|x64.Deploy.0 = Debug|x64
		{A03DF39E-2D14-4881-AA63-09F0A6FDA0EF}.Debug|ARM64.ActiveCfg = Debug|ARM64
		{A03DF39E-2D14-4881-AA63-09F0A6FDA0EF}.Debug|ARM64.Build.0 = Debug|ARM64
		{A03DF39E-2D14-4881-AA63-09F0A6FDA0EF}.Debug|ARM64.Deploy.0 = Debug|ARM64
		{A03DF39E-2D14-4881-AA63-09F0A6FDA0EF}.Release|Win32.ActiveCfg = Release|Win32
		{A03DF39E-2D14-4881-AA63-09F0A6FDA0EF}.Release|Win32.Build.0 = Release|Win32
		{A03DF39E-2D14-4881-AA63-09F0A6FDA0EF}.Release|Win32.Deploy.0 = Release|Win32
		{A03DF39E-2D14-4881-AA63-09F0A6FDA0EF}.Release|x64.ActiveCfg = Release|x64
		{A03DF39E-2D14-4881-AA63-09F0A6FDA0EF}.Release|x64.Build.0 = Release|x64
		{A03DF39E-2D14-4881-AA63-09F0A6FDA0EF}.Release|x64.Deploy.0 = Release|x64
		{A03DF39E-2D14-4881-AA63-09F0A6FDA0EF}.Release|ARM64.ActiveCfg = Release|ARM64
		{A03DF39E-2D14-4881-AA63-09F0A6FDA0EF}.Release|ARM64.Build.0 = Release|ARM64
		{A03DF39E-2D14-4881-AA63-09F0A6FDA0EF}.Release|ARM64.Deploy.0 = Release|ARM64
		{E4C0259C-1EE6-464F-A259-A93F853278AA}.Debug|Win32.ActiveCfg = Debug|Win32
		{E4C0259C-1EE6-464F-A259-A93F853278AA}.Debug|Win32.Build.0 = Debug|Win32
		{E4C0259C-1EE6-464F-A259-A93F853278AA}.Debug|Win32.Deploy.0 = Debug|Win32
		{E4C0259C-1EE6-464F-A259-A93F853278AA}.Debug|x64.ActiveCfg = Debug|x64
		{E4C0259C-1EE6-464F-A259-A93F853278AA}.Debug|x64.Build.0 = Debug|x64
		{E4C0259C-1EE6-464F-A259-A93F853278AA}.Debug|x64.Deploy.0 = Debug|x64
		{E4C0259C-1EE6-464F-A259-A93F853278AA}.Debug|ARM64.ActiveCfg = Debug|ARM64
		{E4C0259C-1EE6-464F-A259-A93F853278AA}.Debug|ARM64.Build.0 = Debug|ARM64
		{E4C0259C-1EE6-464F-A259-A93F853278AA}.Debug|ARM64.Deploy.0 = Debug|ARM64
		{E4C0259C-1EE6-464F-A259-A93F853278AA}.Release|Win32.ActiveCfg = Release|Win32
		{E4C0259C-1EE6-464F-A259-A93F853278AA}.Release|Win32.Build.0 = Release|Win32
		{E4C0259C-1EE6-464F-A259-A93F853278AA}.Release|Win32.Deploy.0 = Release|Win32
		{E4C0259C-1EE6-464F-A259-A93F853278AA}.Release|x64.ActiveCfg = Release|x64
		{E4C0259C-1EE6-464F-A259-A93F853278AA}.Release|x64.Build.0 = Release|x64
		{E4C0259C-1EE6-464F-A259-A93F853278AA}.Release|x64.Deploy.0 = Release|x64
		{E4C0259C-1EE6-464F-A259-A93F853278AA}.Release|ARM64.ActiveCfg = Release|ARM64
		{E4C0259C-1EE6-464F-A259-A93F853278AA}.Release|ARM64.Build.0 = Release|ARM64
		{E4C0259C-1EE6-464F-A259-A93F853278AA}.Release|ARM64.Deploy.0 = Release|ARM64
		{DD1366D9-7325-4260-A7CE-721C1F7188F7}.Debug|Win32.ActiveCfg = Debug|Win32
		{DD1366D9-7325-4260-A7CE-721C1F7188F7}.Debug|Win32.Build.0 = Debug|Win32
		{DD1366D9-7325-4260-A7CE-721C1F7188F7}.Debug|Win32.Deploy.0 = Debug|Win32
		{DD1366D9-7325-4260-A7CE-721C1F7188F7}.Debug|x64.ActiveCfg = Debug|x64
		{DD1366D9-7325-4260-A7CE-721C1F7188F7}.Debug|x64.Build.0 = Debug|x64
		{DD1366D9-7325-4260-A7CE-721C1F7188F7}.Debug|x64.Deploy.0 = Debug|x64
		{DD1366D9-7325-4260-A7CE-721C1F7188F7}.Debug|ARM64.ActiveCfg = Debug|ARM64
		{DD1366D9-7325-4260-A7CE-721C1F7188F7}.Debug|ARM64.Build.0 = Debug|ARM64
		{DD1366D9-7325-4260-A7CE-721C1F7188F7}.Debug|ARM64.Deploy.0 = Debug|ARM64
		{DD1366D9-7325-4260-A7CE-721C1F7188F7}.Release|Win32.ActiveCfg = Release|Win32
		{DD1366D9-7325-4260-A7CE-721C1F7188F7}.Release|Win32.Build.0 = Release|Win32
		{DD1366D9-7325-4260-A7CE-721C1F7188F7}.Release|Win32.Deploy.0 = Release|Win32
		{DD1366D9-7325-4260-A7CE-721C1F7188F7}.Release|x64.ActiveCfg = Release|x64
		{DD1366D9-7325-4260-A7CE-721C1F7188F7}.Release|x64.Build.0 = Release|x64
		{DD1366D9-7325-4260-A7CE-721C1F7188F7}.Release|x64.Deploy.0 = Release|x64
		{DD1366D9-7325-4260-A7CE-721C1F7188F7}.Release|ARM64.ActiveCfg = Release|ARM64
		{DD1366D9-7325-4260-A7CE-721C1F7188F7}.Release|ARM64.Build.0 = Release|ARM64
		{DD1366D9-7325-4260-A7CE-721C1F7188F7}.Release|ARM64.Deploy.0 = Release|ARM64
		{3F9FDC1B-904A-4448-9A93-8DA3C0AC322F}.Debug|Win32.ActiveCfg = Debug|Win32
		{3F9FDC1B-904A-4448-9A93-8DA3C0AC322F}.Debug|Win32.Build.0 = Debug|Win32
		{3F9FDC1B-904A-4448-9A93-8DA3C0AC322F}.Debug|Win32.Deploy.0 = Debug|Win32
		{3F9FDC1B-904A-4448-9A93-8DA3C0AC322F}.Debug|x64.ActiveCfg = Debug|x64
		{3F9FDC1B-904A-4448-9A93-8DA3C0AC322F}.Debug|x64.Build.0 = Debug|x64
		{3F9FDC1B-904A-4448-9A93-8DA3C0AC322F}.Debug|x64.Deploy.0 = Debug|x64
		{3F9FDC1B-904A-4448-9A93-8DA3C0AC322F}.Debug|ARM64.ActiveCfg = Debug|ARM64
		{3F9FDC1B-904A-4448-9A93-8DA3C0AC322F}.Debug|ARM64.Build.0 = Debug|ARM64
		{3F9FDC1B-904A-4448-9A93-8DA3C0AC322F}.Debug|ARM64.Deploy.0 = Debug|ARM64
		{3F9FDC1B-904A-4448-9A93-8DA3C0AC322F}.Release|Win32.ActiveCfg = Release|Win32
		{3F9FDC1B-904A-4448-9A93-8DA3C0AC322F}.Release|Win32.Build.0 = Release|Win32
		{3F9FDC1B-904A-4448-9A93-8DA3C0AC322F}.Release|Win32.Deploy.0 = Release|Win32
		{3F9FDC1B-904A-4448-9A93-8DA3C0AC322F}.Release|x64.ActiveCfg = Release|x64
		{3F9FDC1B-904A-4448-9A93-8DA3C0AC322F}.Release|x64.Build.0 = Release|x64
		{3F9FDC1B-904A-4448-9A93-8DA3C0AC322F}.Release|x64.Deploy.0 = Release|x64
		{3F9FDC1B-904A-4448-9A93-8DA3C0AC322F}.Release|ARM64.ActiveCfg = Release|ARM64
		{3F9FDC1B-904A-4448-9A93-8DA3C0AC322F}.Release|ARM64.Build.0 = Release|ARM64
		{3F9FDC1B-904A-4448-9A93-8DA3C0AC322F}.Release|ARM64.Deploy.0 = Release|ARM64
		{120A3F87-A8AE-4B08-9284-884245CA930F}.Debug|Win32.ActiveCfg = Debug|Win32
		{120A3F87-A8AE-4B08-9284-884245CA930F}.Debug|Win32.Build.0 = Debug|Win32
		{120A3F87-A8AE-4B08-9284-884245CA930F}.Debug|Win32.Deploy.0 = Debug|Win32
		{120A3F87-A8AE-4B08-9284-884245CA930F}.Debug|x64.ActiveCfg = Debug|x64
		{120A3F87-A8AE-4B08-9284-884245CA930F}.Debug|x64.Build.0 = Debug|x64
		{120A3F87-A8AE-4B08-9284-884245CA930F}.Debug|x64.Deploy.0 = Debug|x64
		{120A3F87-A8AE-4B08-9284-884245CA930F}.Debug|ARM64.ActiveCfg = Debug|ARM64
		{120A3F87-A8AE-4B08-9284-884245CA930F}.Debug|ARM64.Build.0 = Debug|ARM64
		{120A3F87-A8AE-4B08-9284-884245CA930F}.Debug|ARM64.Deploy.0 = Debug|ARM64
		{120A3F87-A8AE-4B08-9284-884245CA930F}.Release|Win32.ActiveCfg = Release|Win32
		{120A3F87-A8AE-4B08-9284-884245CA930F}.Release|Win32.Build.0 = Release|Win32
		{120A3F87-A8AE-4B08-9284-884245CA930F}.Release|Win32.Deploy.0 = Release|Win32
		{120A3F87-A8AE-4B08-9284-884245CA930F}.Release|x64.ActiveCfg = Release|x64
		{120A3F87-A8AE-4B08-9284-884245CA930F}.Release|x64.Build.0 = Release|x64
		{120A3F87-A8AE-4B08-9284-884245CA930F}.Release|x64.Deploy.0 = Release|x64
		{120A3F87-A8AE-4B08-9284-884245CA930F}.Release|ARM64.ActiveCfg = Release|ARM64
		{120A3F87-A8AE-4B08-9284-884245CA930F}.Release|ARM64.Build.0 = Release|ARM64
		{120A3F87-A8AE-4B08-9284-884245CA930F}.Release|ARM64.Deploy.0 = Release|ARM64
		{3F97ECD8-EC20-42A3-8A84-D7704937043C}.Debug|Win32.ActiveCfg = Debug|Win32
		{3F97ECD8-EC20-42A3-8A84-D7704937043C}.Debug|Win32.Build.0 = Debug|Win32
		{3F97ECD8-EC20-42A3-8A84-D7704937043C}.Debug|Win32.Deploy.0 = Debug|Win32
		{3F97ECD8-EC20-42A3-8A84-D7704937043C}.Debug|x64.ActiveCfg = Debug|x64
		{3F97ECD8-EC20-42A3-8A84-D7704937043C}.Debug|x64.Build.0 = Debug|x64
		{3F97ECD8-EC20-42A3-8A84-D7704937043C}.Debug|x64.Deploy.0 = Debug|x64
		{3F97ECD8-EC20-42A3-8A84-D7704937043C}.Debug|ARM64.ActiveCfg = Debug|ARM64
		{3F97ECD8-EC20-42A3-8A84-D7704937043C}.Debug|ARM64.Build.0 = Debug|ARM64
		{3F97ECD8-EC20-42A3-8A84-D7704937043C}.Debug|ARM64.Deploy.0 = Debug|ARM64
		{3F97ECD8-EC20-42A3-8A84-D7704937043C}.Release|Win32.ActiveCfg = Release|Win32
		{3F97ECD8-EC20-42A3-8A84-D7704937043C}.Release|Win32.Build.0 = Release|Win32
		{3F97ECD8-EC20-42A3-8A84-D7704937043C}.Release|Win32.Deploy.0 = Release|Win32
		{3F97ECD8-EC20-42A3-8A84-D7704937043C}.Release|x64.ActiveCfg = Release|x64
		{3F97ECD8-EC20-42A3-8A84-D7704937043C}.Release|x64.Build.0 = Release|x64
		{3F97ECD8-EC20-42A3-8A84-D7704937043C}.Release|x64.Deploy.0 = Release|x64
		{3F97ECD8-EC20-42A3-8A84-D7704937043C}.Release|ARM64.ActiveCfg = Release|ARM64
		{3F97ECD8-EC20-42A3-8A84-D7704937043C}.Release|ARM64.Build.0 = Release|ARM64
		{3F97ECD8-EC20-42A3-8A84-D7704937043C}.Release|ARM64.Deploy.0 = Release|ARM64
		{FD206208-3ACC-4E97-AAFD-7E716E18B7E2}.Debug|Win32.ActiveCfg = Debug|Win32
		{FD206208-3ACC-4E97-AAFD-7E716E18B7E2}.Debug|Win32.Build.0 = Debug|Win32
		{FD206208-3ACC-4E97-AAFD-7E716E18B7E2}.Debug|Win32.Deploy.0 = Debug|Win32
		{FD206208-3ACC-4E97-AAFD-7E716E18B7E2}.Debug|x64.ActiveCfg = Debug|x64
		{FD206208-3ACC-4E97-AAFD-7E716E18B7E2}.Debug|x64.Build.0 = Debug|x64
		{FD206208-3ACC-4E97-AAFD-7E716E18B7E2}.Debug|x64.Deploy.0 = Debug|x64
		{FD206208-3ACC-4E97-AAFD-7E716E18B7E2}.Debug|ARM64.ActiveCfg = Debug|ARM64
		{FD206208-3ACC-4E97-AAFD-7E716E18B7E2}.Debug|ARM64.Build.0 = Debug|ARM64
		{FD206208-3ACC-4E97-AAFD-7E716E18B7E2}.Debug|ARM64.Deploy.0 = Debug|ARM64
		{FD206208-3ACC-4E97-AAFD-7E716E18B7E2}.Release|Win32.ActiveCfg = Release|Win32
		{FD206208-3ACC-4E97-AAFD-7E716E18B7E2}.Release|Win32.Build.0 = Release|Win32
		{FD206208-3ACC-4E97-AAFD-7E716E18B7E2}.Release|Win32.Deploy.0 = Release|Win32
		{FD206208-3ACC-4E97-AAFD-7E716E18B7E2}.Release|x64.ActiveCfg = Release|x64
		{FD206208-3ACC-4E97-AAFD-7E716E18B7E2}.Release|x64.Build.0 = Release|x64
		{FD206208-3ACC-4E97-AAFD-7E716E18B7E2}.Release|x64.Deploy.0 = Release|x64
		{FD206208-3ACC-4E97-AAFD-7E716E18B7E2}.Release|ARM64.ActiveCfg = Release|ARM64
		{FD206208-3ACC-4E97-AAFD-7E716E18B7E2}.Release|ARM64.Build.0 = Release|ARM64
		{FD206208-3ACC-4E97-AAFD-7E716E18B7E2}.Release|ARM64.Deploy.0 = Release|ARM64
		{E837BFF6-B693-4C1A-8123-DFA66DD952F1}.Debug|Win32.ActiveCfg = Debug|Win32
		{E837BFF6-B693-4C1A-8123-DFA66DD952F1}.Debug|Win32.Build.0 = Debug|Win32
		{E837BFF6-B693-4C1A-8123-DFA66DD952F1}.Debug|Win32.Deploy.0 = Debug|Win32
		{E837BFF6-B693-4C1A-8123-DFA66DD952F1}.Debug|x64.ActiveCfg = Debug|x64
		{E837BFF6-B693-4C1A-8123-DFA66DD952F1}.Debug|x64.Build.0 = Debug|x64
		{E837BFF6-B693-4C1A-8123-DFA66DD952F1}.Debug|x64.Deploy.0 = Debug|x64
		{E837BFF6-B693-4C1A-8123-DFA66DD952F1}.Debug|ARM64.ActiveCfg = Debug|ARM64
		{E837BFF6-B693-4C1A-8123-DFA66DD952F1}.Debug|ARM64.Build.0 = Debug|ARM64
		{E837BFF6-B693-4C1A-8123-DFA66DD952F1}.Debug|ARM64.Deploy.0 = Debug|ARM64
		{E837BFF6-B693-4C1A-8123-DFA66DD952F1}.Release|Win32.ActiveCfg = Release|Win32
		{E837BFF6-B693-4C1A-8123-DFA66DD952F1}.Release|Win32.Build.0 = Release|Win32
		{E837BFF6-B693-4C1A-8123-DFA66DD952F1}.Release|Win32.Deploy.0 = Release|Win32
		{E837BFF6-B693-4C1A-8123-DFA66DD952F1}.Release|x64.ActiveCfg = Release|x64
		{E837BFF6-B693-4C1A-8123-DFA66DD952F1}.Release|x64.Build.0 = Release|x64
		{E837BFF6-B693-4C1A-8123-DFA66DD952F1}.Release|x64.Deploy.0 = Release|x64
		{E837BFF6-B693-4C1A-8123-DFA66DD952F1}.Release|ARM64.ActiveCfg = Release|ARM64
		{E837BFF6-B693-4C1A-8123-DFA66DD952F1}.Release|ARM64.Build.0 = Release|ARM64
		{E837BFF6-B693-4C1A-8123-DFA66DD952F1}.Release|ARM64.Deploy.0 = Release|ARM64
	EndGlobalSection
	GlobalSection(SolutionProperties) = preSolution
		HideSolutionNode = FALSE
	EndGlobalSection
EndGlobal
